// !$*UTF8*$!
{
	archiveVersion = 1;
	classes = {
	};
	objectVersion = 77;
	objects = {

/* Begin PBXBuildFile section */
		54D76B362DED1BC900F7ABC0 /* FirebaseAnalytics in Frameworks */ = {isa = PBXBuildFile; productRef = 54D76B352DED1BC900F7ABC0 /* FirebaseAnalytics */; };
		54D76B382DED1BC900F7ABC0 /* FirebaseAuth in Frameworks */ = {isa = PBXBuildFile; productRef = 54D76B372DED1BC900F7ABC0 /* FirebaseAuth */; };
		54D76B3A2DED1BC900F7ABC0 /* FirebaseFirestore in Frameworks */ = {isa = PBXBuildFile; productRef = 54D76B392DED1BC900F7ABC0 /* FirebaseFirestore */; };
		54DE58DB2DC2A04A008BE4B8 /* Inter-VariableFont_opsz,wght.ttf in Resources */ = {isa = PBXBuildFile; fileRef = 54DE58DA2DC2A04A008BE4B8 /* Inter-VariableFont_opsz,wght.ttf */; };
		54DE58DC2DC2A04A008BE4B8 /* Inter-VariableFont_opsz,wght.ttf in Resources */ = {isa = PBXBuildFile; fileRef = 54DE58DA2DC2A04A008BE4B8 /* Inter-VariableFont_opsz,wght.ttf */; };
		54DE58DD2DC2A04A008BE4B8 /* Inter-VariableFont_opsz,wght.ttf in Resources */ = {isa = PBXBuildFile; fileRef = 54DE58DA2DC2A04A008BE4B8 /* Inter-VariableFont_opsz,wght.ttf */; };
		54DE58E02DC2A05F008BE4B8 /* PlayfairDisplay-Italic-VariableFont_wght.ttf in Resources */ = {isa = PBXBuildFile; fileRef = 54DE58DE2DC2A05F008BE4B8 /* PlayfairDisplay-Italic-VariableFont_wght.ttf */; };
		54DE58E12DC2A05F008BE4B8 /* PlayfairDisplay-VariableFont_wght.ttf in Resources */ = {isa = PBXBuildFile; fileRef = 54DE58DF2DC2A05F008BE4B8 /* PlayfairDisplay-VariableFont_wght.ttf */; };
		54DE58E22DC2A05F008BE4B8 /* PlayfairDisplay-Italic-VariableFont_wght.ttf in Resources */ = {isa = PBXBuildFile; fileRef = 54DE58DE2DC2A05F008BE4B8 /* PlayfairDisplay-Italic-VariableFont_wght.ttf */; };
		54DE58E32DC2A05F008BE4B8 /* PlayfairDisplay-VariableFont_wght.ttf in Resources */ = {isa = PBXBuildFile; fileRef = 54DE58DF2DC2A05F008BE4B8 /* PlayfairDisplay-VariableFont_wght.ttf */; };
		54DE58E42DC2A05F008BE4B8 /* PlayfairDisplay-Italic-VariableFont_wght.ttf in Resources */ = {isa = PBXBuildFile; fileRef = 54DE58DE2DC2A05F008BE4B8 /* PlayfairDisplay-Italic-VariableFont_wght.ttf */; };
		54DE58E52DC2A05F008BE4B8 /* PlayfairDisplay-VariableFont_wght.ttf in Resources */ = {isa = PBXBuildFile; fileRef = 54DE58DF2DC2A05F008BE4B8 /* PlayfairDisplay-VariableFont_wght.ttf */; };
		B95C17E12E37CC190074C099 /* GoogleSignIn in Frameworks */ = {isa = PBXBuildFile; productRef = B95C17E02E37CC190074C099 /* GoogleSignIn */; };
		B95C17E32E37CC3B0074C099 /* GoogleSignInSwift in Frameworks */ = {isa = PBXBuildFile; productRef = B95C17E22E37CC3B0074C099 /* GoogleSignInSwift */; };
		B96F12A22E37215B00C851AE /* FirebaseAI in Frameworks */ = {isa = PBXBuildFile; productRef = B96F12A12E37215B00C851AE /* FirebaseAI */; };
		B96F12A42E37215B00C851AE /* FirebaseAnalyticsOnDeviceConversion in Frameworks */ = {isa = PBXBuildFile; productRef = B96F12A32E37215B00C851AE /* FirebaseAnalyticsOnDeviceConversion */; };
		B96F12A62E37215B00C851AE /* FirebaseAnalyticsWithoutAdIdSupport in Frameworks */ = {isa = PBXBuildFile; productRef = B96F12A52E37215B00C851AE /* FirebaseAnalyticsWithoutAdIdSupport */; };
		B96F12A82E37215B00C851AE /* FirebaseAppCheck in Frameworks */ = {isa = PBXBuildFile; productRef = B96F12A72E37215B00C851AE /* FirebaseAppCheck */; };
		B96F12AA2E37221800C851AE /* FirebaseFirestoreCombine-Community in Frameworks */ = {isa = PBXBuildFile; productRef = B96F12A92E37221800C851AE /* FirebaseFirestoreCombine-Community */; };
		B96F12AC2E3722E500C851AE /* FirebaseFirestoreCombine-Community in Frameworks */ = {isa = PBXBuildFile; productRef = B96F12AB2E3722E500C851AE /* FirebaseFirestoreCombine-Community */; };
		B96F12AE2E37246C00C851AE /* FirebaseFirestoreCombine-Community in Frameworks */ = {isa = PBXBuildFile; productRef = B96F12AD2E37246C00C851AE /* FirebaseFirestoreCombine-Community */; };
/* End PBXBuildFile section */

/* Begin PBXContainerItemProxy section */
		54DE58BE2DC29A93008BE4B8 /* PBXContainerItemProxy */ = {
			isa = PBXContainerItemProxy;
			containerPortal = 54DE58A82DC29A91008BE4B8 /* Project object */;
			proxyType = 1;
			remoteGlobalIDString = 54DE58AF2DC29A91008BE4B8;
			remoteInfo = AlignaTest;
		};
		54DE58C82DC29A93008BE4B8 /* PBXContainerItemProxy */ = {
			isa = PBXContainerItemProxy;
			containerPortal = 54DE58A82DC29A91008BE4B8 /* Project object */;
			proxyType = 1;
			remoteGlobalIDString = 54DE58AF2DC29A91008BE4B8;
			remoteInfo = AlignaTest;
		};
/* End PBXContainerItemProxy section */

/* Begin PBXFileReference section */
		54DE58B02DC29A91008BE4B8 /* AlignaTest.app */ = {isa = PBXFileReference; explicitFileType = wrapper.application; includeInIndex = 0; path = AlignaTest.app; sourceTree = BUILT_PRODUCTS_DIR; };
		54DE58BD2DC29A93008BE4B8 /* AlignaTestTests.xctest */ = {isa = PBXFileReference; explicitFileType = wrapper.cfbundle; includeInIndex = 0; path = AlignaTestTests.xctest; sourceTree = BUILT_PRODUCTS_DIR; };
		54DE58C72DC29A93008BE4B8 /* AlignaTestUITests.xctest */ = {isa = PBXFileReference; explicitFileType = wrapper.cfbundle; includeInIndex = 0; path = AlignaTestUITests.xctest; sourceTree = BUILT_PRODUCTS_DIR; };
		54DE58DA2DC2A04A008BE4B8 /* Inter-VariableFont_opsz,wght.ttf */ = {isa = PBXFileReference; lastKnownFileType = file; path = "Inter-VariableFont_opsz,wght.ttf"; sourceTree = "<group>"; };
		54DE58DE2DC2A05F008BE4B8 /* PlayfairDisplay-Italic-VariableFont_wght.ttf */ = {isa = PBXFileReference; lastKnownFileType = file; path = "PlayfairDisplay-Italic-VariableFont_wght.ttf"; sourceTree = "<group>"; };
		54DE58DF2DC2A05F008BE4B8 /* PlayfairDisplay-VariableFont_wght.ttf */ = {isa = PBXFileReference; lastKnownFileType = file; path = "PlayfairDisplay-VariableFont_wght.ttf"; sourceTree = "<group>"; };
/* End PBXFileReference section */

/* Begin PBXFileSystemSynchronizedBuildFileExceptionSet section */
		54DE58E72DC2A19B008BE4B8 /* Exceptions for "AlignaTest" folder in "AlignaTest" target */ = {
			isa = PBXFileSystemSynchronizedBuildFileExceptionSet;
			membershipExceptions = (
				Info.plist,
			);
			target = 54DE58AF2DC29A91008BE4B8 /* AlignaTest */;
		};
/* End PBXFileSystemSynchronizedBuildFileExceptionSet section */

/* Begin PBXFileSystemSynchronizedRootGroup section */
		54DE58B22DC29A91008BE4B8 /* AlignaTest */ = {
			isa = PBXFileSystemSynchronizedRootGroup;
			exceptions = (
				54DE58E72DC2A19B008BE4B8 /* Exceptions for "AlignaTest" folder in "AlignaTest" target */,
			);
			path = AlignaTest;
			sourceTree = "<group>";
		};
		54DE58C02DC29A93008BE4B8 /* AlignaTestTests */ = {
			isa = PBXFileSystemSynchronizedRootGroup;
			path = AlignaTestTests;
			sourceTree = "<group>";
		};
		54DE58CA2DC29A93008BE4B8 /* AlignaTestUITests */ = {
			isa = PBXFileSystemSynchronizedRootGroup;
			path = AlignaTestUITests;
			sourceTree = "<group>";
		};
/* End PBXFileSystemSynchronizedRootGroup section */

/* Begin PBXFrameworksBuildPhase section */
		54DE58AD2DC29A91008BE4B8 /* Frameworks */ = {
			isa = PBXFrameworksBuildPhase;
			buildActionMask = 2147483647;
			files = (
				54D76B362DED1BC900F7ABC0 /* FirebaseAnalytics in Frameworks */,
				B96F12AA2E37221800C851AE /* FirebaseFirestoreCombine-Community in Frameworks */,
				B95C17E12E37CC190074C099 /* GoogleSignIn in Frameworks */,
				B95C17E32E37CC3B0074C099 /* GoogleSignInSwift in Frameworks */,
				B96F12A62E37215B00C851AE /* FirebaseAnalyticsWithoutAdIdSupport in Frameworks */,
				B96F12AE2E37246C00C851AE /* FirebaseFirestoreCombine-Community in Frameworks */,
				B96F12AC2E3722E500C851AE /* FirebaseFirestoreCombine-Community in Frameworks */,
				B96F12A22E37215B00C851AE /* FirebaseAI in Frameworks */,
				B96F12A42E37215B00C851AE /* FirebaseAnalyticsOnDeviceConversion in Frameworks */,
				B96F12A82E37215B00C851AE /* FirebaseAppCheck in Frameworks */,
				54D76B382DED1BC900F7ABC0 /* FirebaseAuth in Frameworks */,
				54D76B3A2DED1BC900F7ABC0 /* FirebaseFirestore in Frameworks */,
			);
			runOnlyForDeploymentPostprocessing = 0;
		};
		54DE58BA2DC29A93008BE4B8 /* Frameworks */ = {
			isa = PBXFrameworksBuildPhase;
			buildActionMask = 2147483647;
			files = (
			);
			runOnlyForDeploymentPostprocessing = 0;
		};
		54DE58C42DC29A93008BE4B8 /* Frameworks */ = {
			isa = PBXFrameworksBuildPhase;
			buildActionMask = 2147483647;
			files = (
			);
			runOnlyForDeploymentPostprocessing = 0;
		};
/* End PBXFrameworksBuildPhase section */

/* Begin PBXGroup section */
		54DE58A72DC29A91008BE4B8 = {
			isa = PBXGroup;
			children = (
				54DE58DE2DC2A05F008BE4B8 /* PlayfairDisplay-Italic-VariableFont_wght.ttf */,
				54DE58DF2DC2A05F008BE4B8 /* PlayfairDisplay-VariableFont_wght.ttf */,
				54DE58DA2DC2A04A008BE4B8 /* Inter-VariableFont_opsz,wght.ttf */,
				54DE58B22DC29A91008BE4B8 /* AlignaTest */,
				54DE58C02DC29A93008BE4B8 /* AlignaTestTests */,
				54DE58CA2DC29A93008BE4B8 /* AlignaTestUITests */,
				54DE58B12DC29A91008BE4B8 /* Products */,
			);
			sourceTree = "<group>";
		};
		54DE58B12DC29A91008BE4B8 /* Products */ = {
			isa = PBXGroup;
			children = (
				54DE58B02DC29A91008BE4B8 /* AlignaTest.app */,
				54DE58BD2DC29A93008BE4B8 /* AlignaTestTests.xctest */,
				54DE58C72DC29A93008BE4B8 /* AlignaTestUITests.xctest */,
			);
			name = Products;
			sourceTree = "<group>";
		};
/* End PBXGroup section */

/* Begin PBXNativeTarget section */
		54DE58AF2DC29A91008BE4B8 /* AlignaTest */ = {
			isa = PBXNativeTarget;
			buildConfigurationList = 54DE58D12DC29A93008BE4B8 /* Build configuration list for PBXNativeTarget "AlignaTest" */;
			buildPhases = (
				54DE58AC2DC29A91008BE4B8 /* Sources */,
				54DE58AD2DC29A91008BE4B8 /* Frameworks */,
				54DE58AE2DC29A91008BE4B8 /* Resources */,
			);
			buildRules = (
			);
			dependencies = (
			);
			fileSystemSynchronizedGroups = (
				54DE58B22DC29A91008BE4B8 /* AlignaTest */,
			);
			name = AlignaTest;
			packageProductDependencies = (
				54D76B352DED1BC900F7ABC0 /* FirebaseAnalytics */,
				54D76B372DED1BC900F7ABC0 /* FirebaseAuth */,
				54D76B392DED1BC900F7ABC0 /* FirebaseFirestore */,
				B96F12A12E37215B00C851AE /* FirebaseAI */,
				B96F12A32E37215B00C851AE /* FirebaseAnalyticsOnDeviceConversion */,
				B96F12A52E37215B00C851AE /* FirebaseAnalyticsWithoutAdIdSupport */,
				B96F12A72E37215B00C851AE /* FirebaseAppCheck */,
				B96F12A92E37221800C851AE /* FirebaseFirestoreCombine-Community */,
				B96F12AB2E3722E500C851AE /* FirebaseFirestoreCombine-Community */,
				B96F12AD2E37246C00C851AE /* FirebaseFirestoreCombine-Community */,
				B95C17E02E37CC190074C099 /* GoogleSignIn */,
				B95C17E22E37CC3B0074C099 /* GoogleSignInSwift */,
			);
			productName = AlignaTest;
			productReference = 54DE58B02DC29A91008BE4B8 /* AlignaTest.app */;
			productType = "com.apple.product-type.application";
		};
		54DE58BC2DC29A93008BE4B8 /* AlignaTestTests */ = {
			isa = PBXNativeTarget;
			buildConfigurationList = 54DE58D42DC29A93008BE4B8 /* Build configuration list for PBXNativeTarget "AlignaTestTests" */;
			buildPhases = (
				54DE58B92DC29A93008BE4B8 /* Sources */,
				54DE58BA2DC29A93008BE4B8 /* Frameworks */,
				54DE58BB2DC29A93008BE4B8 /* Resources */,
			);
			buildRules = (
			);
			dependencies = (
				54DE58BF2DC29A93008BE4B8 /* PBXTargetDependency */,
			);
			fileSystemSynchronizedGroups = (
				54DE58C02DC29A93008BE4B8 /* AlignaTestTests */,
			);
			name = AlignaTestTests;
			packageProductDependencies = (
			);
			productName = AlignaTestTests;
			productReference = 54DE58BD2DC29A93008BE4B8 /* AlignaTestTests.xctest */;
			productType = "com.apple.product-type.bundle.unit-test";
		};
		54DE58C62DC29A93008BE4B8 /* AlignaTestUITests */ = {
			isa = PBXNativeTarget;
			buildConfigurationList = 54DE58D72DC29A93008BE4B8 /* Build configuration list for PBXNativeTarget "AlignaTestUITests" */;
			buildPhases = (
				54DE58C32DC29A93008BE4B8 /* Sources */,
				54DE58C42DC29A93008BE4B8 /* Frameworks */,
				54DE58C52DC29A93008BE4B8 /* Resources */,
			);
			buildRules = (
			);
			dependencies = (
				54DE58C92DC29A93008BE4B8 /* PBXTargetDependency */,
			);
			fileSystemSynchronizedGroups = (
				54DE58CA2DC29A93008BE4B8 /* AlignaTestUITests */,
			);
			name = AlignaTestUITests;
			packageProductDependencies = (
			);
			productName = AlignaTestUITests;
			productReference = 54DE58C72DC29A93008BE4B8 /* AlignaTestUITests.xctest */;
			productType = "com.apple.product-type.bundle.ui-testing";
		};
/* End PBXNativeTarget section */

/* Begin PBXProject section */
		54DE58A82DC29A91008BE4B8 /* Project object */ = {
			isa = PBXProject;
			attributes = {
				BuildIndependentTargetsInParallel = 1;
				LastSwiftUpdateCheck = 1630;
				LastUpgradeCheck = 1630;
				TargetAttributes = {
					54DE58AF2DC29A91008BE4B8 = {
						CreatedOnToolsVersion = 16.3;
					};
					54DE58BC2DC29A93008BE4B8 = {
						CreatedOnToolsVersion = 16.3;
						TestTargetID = 54DE58AF2DC29A91008BE4B8;
					};
					54DE58C62DC29A93008BE4B8 = {
						CreatedOnToolsVersion = 16.3;
						TestTargetID = 54DE58AF2DC29A91008BE4B8;
					};
				};
			};
			buildConfigurationList = 54DE58AB2DC29A91008BE4B8 /* Build configuration list for PBXProject "AlignaTest" */;
			developmentRegion = en;
			hasScannedForEncodings = 0;
			knownRegions = (
				en,
				Base,
			);
			mainGroup = 54DE58A72DC29A91008BE4B8;
			minimizedProjectReferenceProxies = 1;
			packageReferences = (
				54D76B322DED185300F7ABC0 /* XCRemoteSwiftPackageReference "firebase-ios-sdk" */,
				B95C17DF2E37CC190074C099 /* XCRemoteSwiftPackageReference "GoogleSignIn-iOS" */,
			);
			preferredProjectObjectVersion = 77;
			productRefGroup = 54DE58B12DC29A91008BE4B8 /* Products */;
			projectDirPath = "";
			projectRoot = "";
			targets = (
				54DE58AF2DC29A91008BE4B8 /* AlignaTest */,
				54DE58BC2DC29A93008BE4B8 /* AlignaTestTests */,
				54DE58C62DC29A93008BE4B8 /* AlignaTestUITests */,
			);
		};
/* End PBXProject section */

/* Begin PBXResourcesBuildPhase section */
		54DE58AE2DC29A91008BE4B8 /* Resources */ = {
			isa = PBXResourcesBuildPhase;
			buildActionMask = 2147483647;
			files = (
				54DE58DC2DC2A04A008BE4B8 /* Inter-VariableFont_opsz,wght.ttf in Resources */,
				54DE58E02DC2A05F008BE4B8 /* PlayfairDisplay-Italic-VariableFont_wght.ttf in Resources */,
				54DE58E12DC2A05F008BE4B8 /* PlayfairDisplay-VariableFont_wght.ttf in Resources */,
			);
			runOnlyForDeploymentPostprocessing = 0;
		};
		54DE58BB2DC29A93008BE4B8 /* Resources */ = {
			isa = PBXResourcesBuildPhase;
			buildActionMask = 2147483647;
			files = (
				54DE58E42DC2A05F008BE4B8 /* PlayfairDisplay-Italic-VariableFont_wght.ttf in Resources */,
				54DE58E52DC2A05F008BE4B8 /* PlayfairDisplay-VariableFont_wght.ttf in Resources */,
				54DE58DD2DC2A04A008BE4B8 /* Inter-VariableFont_opsz,wght.ttf in Resources */,
			);
			runOnlyForDeploymentPostprocessing = 0;
		};
		54DE58C52DC29A93008BE4B8 /* Resources */ = {
			isa = PBXResourcesBuildPhase;
			buildActionMask = 2147483647;
			files = (
				54DE58E22DC2A05F008BE4B8 /* PlayfairDisplay-Italic-VariableFont_wght.ttf in Resources */,
				54DE58E32DC2A05F008BE4B8 /* PlayfairDisplay-VariableFont_wght.ttf in Resources */,
				54DE58DB2DC2A04A008BE4B8 /* Inter-VariableFont_opsz,wght.ttf in Resources */,
			);
			runOnlyForDeploymentPostprocessing = 0;
		};
/* End PBXResourcesBuildPhase section */

/* Begin PBXSourcesBuildPhase section */
		54DE58AC2DC29A91008BE4B8 /* Sources */ = {
			isa = PBXSourcesBuildPhase;
			buildActionMask = 2147483647;
			files = (
			);
			runOnlyForDeploymentPostprocessing = 0;
		};
		54DE58B92DC29A93008BE4B8 /* Sources */ = {
			isa = PBXSourcesBuildPhase;
			buildActionMask = 2147483647;
			files = (
			);
			runOnlyForDeploymentPostprocessing = 0;
		};
		54DE58C32DC29A93008BE4B8 /* Sources */ = {
			isa = PBXSourcesBuildPhase;
			buildActionMask = 2147483647;
			files = (
			);
			runOnlyForDeploymentPostprocessing = 0;
		};
/* End PBXSourcesBuildPhase section */

/* Begin PBXTargetDependency section */
		54DE58BF2DC29A93008BE4B8 /* PBXTargetDependency */ = {
			isa = PBXTargetDependency;
			target = 54DE58AF2DC29A91008BE4B8 /* AlignaTest */;
			targetProxy = 54DE58BE2DC29A93008BE4B8 /* PBXContainerItemProxy */;
		};
		54DE58C92DC29A93008BE4B8 /* PBXTargetDependency */ = {
			isa = PBXTargetDependency;
			target = 54DE58AF2DC29A91008BE4B8 /* AlignaTest */;
			targetProxy = 54DE58C82DC29A93008BE4B8 /* PBXContainerItemProxy */;
		};
/* End PBXTargetDependency section */

/* Begin XCBuildConfiguration section */
		54DE58CF2DC29A93008BE4B8 /* Debug */ = {
			isa = XCBuildConfiguration;
			buildSettings = {
				ALWAYS_SEARCH_USER_PATHS = NO;
				ASSETCATALOG_COMPILER_GENERATE_SWIFT_ASSET_SYMBOL_EXTENSIONS = YES;
				CLANG_ANALYZER_NONNULL = YES;
				CLANG_ANALYZER_NUMBER_OBJECT_CONVERSION = YES_AGGRESSIVE;
				CLANG_CXX_LANGUAGE_STANDARD = "gnu++20";
				CLANG_ENABLE_MODULES = YES;
				CLANG_ENABLE_OBJC_ARC = YES;
				CLANG_ENABLE_OBJC_WEAK = YES;
				CLANG_WARN_BLOCK_CAPTURE_AUTORELEASING = YES;
				CLANG_WARN_BOOL_CONVERSION = YES;
				CLANG_WARN_COMMA = YES;
				CLANG_WARN_CONSTANT_CONVERSION = YES;
				CLANG_WARN_DEPRECATED_OBJC_IMPLEMENTATIONS = YES;
				CLANG_WARN_DIRECT_OBJC_ISA_USAGE = YES_ERROR;
				CLANG_WARN_DOCUMENTATION_COMMENTS = YES;
				CLANG_WARN_EMPTY_BODY = YES;
				CLANG_WARN_ENUM_CONVERSION = YES;
				CLANG_WARN_INFINITE_RECURSION = YES;
				CLANG_WARN_INT_CONVERSION = YES;
				CLANG_WARN_NON_LITERAL_NULL_CONVERSION = YES;
				CLANG_WARN_OBJC_IMPLICIT_RETAIN_SELF = YES;
				CLANG_WARN_OBJC_LITERAL_CONVERSION = YES;
				CLANG_WARN_OBJC_ROOT_CLASS = YES_ERROR;
				CLANG_WARN_QUOTED_INCLUDE_IN_FRAMEWORK_HEADER = YES;
				CLANG_WARN_RANGE_LOOP_ANALYSIS = YES;
				CLANG_WARN_STRICT_PROTOTYPES = YES;
				CLANG_WARN_SUSPICIOUS_MOVE = YES;
				CLANG_WARN_UNGUARDED_AVAILABILITY = YES_AGGRESSIVE;
				CLANG_WARN_UNREACHABLE_CODE = YES;
				CLANG_WARN__DUPLICATE_METHOD_MATCH = YES;
				COPY_PHASE_STRIP = NO;
				DEBUG_INFORMATION_FORMAT = dwarf;
				ENABLE_STRICT_OBJC_MSGSEND = YES;
				ENABLE_TESTABILITY = YES;
				ENABLE_USER_SCRIPT_SANDBOXING = YES;
				GCC_C_LANGUAGE_STANDARD = gnu17;
				GCC_DYNAMIC_NO_PIC = NO;
				GCC_NO_COMMON_BLOCKS = YES;
				GCC_OPTIMIZATION_LEVEL = 0;
				GCC_PREPROCESSOR_DEFINITIONS = (
					"DEBUG=1",
					"$(inherited)",
				);
				GCC_WARN_64_TO_32_BIT_CONVERSION = YES;
				GCC_WARN_ABOUT_RETURN_TYPE = YES_ERROR;
				GCC_WARN_UNDECLARED_SELECTOR = YES;
				GCC_WARN_UNINITIALIZED_AUTOS = YES_AGGRESSIVE;
				GCC_WARN_UNUSED_FUNCTION = YES;
				GCC_WARN_UNUSED_VARIABLE = YES;
				IPHONEOS_DEPLOYMENT_TARGET = 18.4;
				LOCALIZATION_PREFERS_STRING_CATALOGS = YES;
				MTL_ENABLE_DEBUG_INFO = INCLUDE_SOURCE;
				MTL_FAST_MATH = YES;
				ONLY_ACTIVE_ARCH = YES;
				SDKROOT = iphoneos;
				SWIFT_ACTIVE_COMPILATION_CONDITIONS = "DEBUG $(inherited)";
				SWIFT_OPTIMIZATION_LEVEL = "-Onone";
			};
			name = Debug;
		};
		54DE58D02DC29A93008BE4B8 /* Release */ = {
			isa = XCBuildConfiguration;
			buildSettings = {
				ALWAYS_SEARCH_USER_PATHS = NO;
				ASSETCATALOG_COMPILER_GENERATE_SWIFT_ASSET_SYMBOL_EXTENSIONS = YES;
				CLANG_ANALYZER_NONNULL = YES;
				CLANG_ANALYZER_NUMBER_OBJECT_CONVERSION = YES_AGGRESSIVE;
				CLANG_CXX_LANGUAGE_STANDARD = "gnu++20";
				CLANG_ENABLE_MODULES = YES;
				CLANG_ENABLE_OBJC_ARC = YES;
				CLANG_ENABLE_OBJC_WEAK = YES;
				CLANG_WARN_BLOCK_CAPTURE_AUTORELEASING = YES;
				CLANG_WARN_BOOL_CONVERSION = YES;
				CLANG_WARN_COMMA = YES;
				CLANG_WARN_CONSTANT_CONVERSION = YES;
				CLANG_WARN_DEPRECATED_OBJC_IMPLEMENTATIONS = YES;
				CLANG_WARN_DIRECT_OBJC_ISA_USAGE = YES_ERROR;
				CLANG_WARN_DOCUMENTATION_COMMENTS = YES;
				CLANG_WARN_EMPTY_BODY = YES;
				CLANG_WARN_ENUM_CONVERSION = YES;
				CLANG_WARN_INFINITE_RECURSION = YES;
				CLANG_WARN_INT_CONVERSION = YES;
				CLANG_WARN_NON_LITERAL_NULL_CONVERSION = YES;
				CLANG_WARN_OBJC_IMPLICIT_RETAIN_SELF = YES;
				CLANG_WARN_OBJC_LITERAL_CONVERSION = YES;
				CLANG_WARN_OBJC_ROOT_CLASS = YES_ERROR;
				CLANG_WARN_QUOTED_INCLUDE_IN_FRAMEWORK_HEADER = YES;
				CLANG_WARN_RANGE_LOOP_ANALYSIS = YES;
				CLANG_WARN_STRICT_PROTOTYPES = YES;
				CLANG_WARN_SUSPICIOUS_MOVE = YES;
				CLANG_WARN_UNGUARDED_AVAILABILITY = YES_AGGRESSIVE;
				CLANG_WARN_UNREACHABLE_CODE = YES;
				CLANG_WARN__DUPLICATE_METHOD_MATCH = YES;
				COPY_PHASE_STRIP = NO;
				DEBUG_INFORMATION_FORMAT = "dwarf-with-dsym";
				ENABLE_NS_ASSERTIONS = NO;
				ENABLE_STRICT_OBJC_MSGSEND = YES;
				ENABLE_USER_SCRIPT_SANDBOXING = YES;
				GCC_C_LANGUAGE_STANDARD = gnu17;
				GCC_NO_COMMON_BLOCKS = YES;
				GCC_WARN_64_TO_32_BIT_CONVERSION = YES;
				GCC_WARN_ABOUT_RETURN_TYPE = YES_ERROR;
				GCC_WARN_UNDECLARED_SELECTOR = YES;
				GCC_WARN_UNINITIALIZED_AUTOS = YES_AGGRESSIVE;
				GCC_WARN_UNUSED_FUNCTION = YES;
				GCC_WARN_UNUSED_VARIABLE = YES;
				IPHONEOS_DEPLOYMENT_TARGET = 18.4;
				LOCALIZATION_PREFERS_STRING_CATALOGS = YES;
				MTL_ENABLE_DEBUG_INFO = NO;
				MTL_FAST_MATH = YES;
				SDKROOT = iphoneos;
				SWIFT_COMPILATION_MODE = wholemodule;
				VALIDATE_PRODUCT = YES;
			};
			name = Release;
		};
		54DE58D22DC29A93008BE4B8 /* Debug */ = {
			isa = XCBuildConfiguration;
			buildSettings = {
				ASSETCATALOG_COMPILER_APPICON_NAME = AppIcon;
				ASSETCATALOG_COMPILER_GLOBAL_ACCENT_COLOR_NAME = AccentColor;
				CODE_SIGN_STYLE = Automatic;
				CURRENT_PROJECT_VERSION = 1;
				ENABLE_PREVIEWS = YES;
				GENERATE_INFOPLIST_FILE = YES;
				INFOPLIST_FILE = AlignaTest/Info.plist;
				INFOPLIST_KEY_UIApplicationSceneManifest_Generation = YES;
				INFOPLIST_KEY_UIApplicationSupportsIndirectInputEvents = YES;
				INFOPLIST_KEY_UILaunchScreen_Generation = YES;
				INFOPLIST_KEY_UISupportedInterfaceOrientations_iPad = "UIInterfaceOrientationPortrait UIInterfaceOrientationPortraitUpsideDown UIInterfaceOrientationLandscapeLeft UIInterfaceOrientationLandscapeRight";
				INFOPLIST_KEY_UISupportedInterfaceOrientations_iPhone = "UIInterfaceOrientationPortrait UIInterfaceOrientationLandscapeLeft UIInterfaceOrientationLandscapeRight";
				LD_RUNPATH_SEARCH_PATHS = (
					"$(inherited)",
					"@executable_path/Frameworks",
				);
				MARKETING_VERSION = 1.0;
				PRODUCT_BUNDLE_IDENTIFIER = martinyuan.AlignaTest;
				PRODUCT_NAME = "$(TARGET_NAME)";
				SWIFT_EMIT_LOC_STRINGS = YES;
				SWIFT_VERSION = 5.0;
				TARGETED_DEVICE_FAMILY = "1,2";
			};
			name = Debug;
		};
		54DE58D32DC29A93008BE4B8 /* Release */ = {
			isa = XCBuildConfiguration;
			buildSettings = {
				ASSETCATALOG_COMPILER_APPICON_NAME = AppIcon;
				ASSETCATALOG_COMPILER_GLOBAL_ACCENT_COLOR_NAME = AccentColor;
				CODE_SIGN_STYLE = Automatic;
				CURRENT_PROJECT_VERSION = 1;
				ENABLE_PREVIEWS = YES;
				GENERATE_INFOPLIST_FILE = YES;
				INFOPLIST_FILE = AlignaTest/Info.plist;
				INFOPLIST_KEY_UIApplicationSceneManifest_Generation = YES;
				INFOPLIST_KEY_UIApplicationSupportsIndirectInputEvents = YES;
				INFOPLIST_KEY_UILaunchScreen_Generation = YES;
				INFOPLIST_KEY_UISupportedInterfaceOrientations_iPad = "UIInterfaceOrientationPortrait UIInterfaceOrientationPortraitUpsideDown UIInterfaceOrientationLandscapeLeft UIInterfaceOrientationLandscapeRight";
				INFOPLIST_KEY_UISupportedInterfaceOrientations_iPhone = "UIInterfaceOrientationPortrait UIInterfaceOrientationLandscapeLeft UIInterfaceOrientationLandscapeRight";
				LD_RUNPATH_SEARCH_PATHS = (
					"$(inherited)",
					"@executable_path/Frameworks",
				);
				MARKETING_VERSION = 1.0;
				PRODUCT_BUNDLE_IDENTIFIER = martinyuan.AlignaTest;
				PRODUCT_NAME = "$(TARGET_NAME)";
				SWIFT_EMIT_LOC_STRINGS = YES;
				SWIFT_VERSION = 5.0;
				TARGETED_DEVICE_FAMILY = "1,2";
			};
			name = Release;
		};
		54DE58D52DC29A93008BE4B8 /* Debug */ = {
			isa = XCBuildConfiguration;
			buildSettings = {
				BUNDLE_LOADER = "$(TEST_HOST)";
				CODE_SIGN_STYLE = Automatic;
				CURRENT_PROJECT_VERSION = 1;
				GENERATE_INFOPLIST_FILE = YES;
				IPHONEOS_DEPLOYMENT_TARGET = 18.4;
				MARKETING_VERSION = 1.0;
				PRODUCT_BUNDLE_IDENTIFIER = martinyuan.AlignaTestTests;
				PRODUCT_NAME = "$(TARGET_NAME)";
				SWIFT_EMIT_LOC_STRINGS = NO;
				SWIFT_VERSION = 5.0;
				TARGETED_DEVICE_FAMILY = "1,2";
				TEST_HOST = "$(BUILT_PRODUCTS_DIR)/AlignaTest.app/$(BUNDLE_EXECUTABLE_FOLDER_PATH)/AlignaTest";
			};
			name = Debug;
		};
		54DE58D62DC29A93008BE4B8 /* Release */ = {
			isa = XCBuildConfiguration;
			buildSettings = {
				BUNDLE_LOADER = "$(TEST_HOST)";
				CODE_SIGN_STYLE = Automatic;
				CURRENT_PROJECT_VERSION = 1;
				GENERATE_INFOPLIST_FILE = YES;
				IPHONEOS_DEPLOYMENT_TARGET = 18.4;
				MARKETING_VERSION = 1.0;
				PRODUCT_BUNDLE_IDENTIFIER = martinyuan.AlignaTestTests;
				PRODUCT_NAME = "$(TARGET_NAME)";
				SWIFT_EMIT_LOC_STRINGS = NO;
				SWIFT_VERSION = 5.0;
				TARGETED_DEVICE_FAMILY = "1,2";
				TEST_HOST = "$(BUILT_PRODUCTS_DIR)/AlignaTest.app/$(BUNDLE_EXECUTABLE_FOLDER_PATH)/AlignaTest";
			};
			name = Release;
		};
		54DE58D82DC29A93008BE4B8 /* Debug */ = {
			isa = XCBuildConfiguration;
			buildSettings = {
				CODE_SIGN_STYLE = Automatic;
				CURRENT_PROJECT_VERSION = 1;
				GENERATE_INFOPLIST_FILE = YES;
				MARKETING_VERSION = 1.0;
				PRODUCT_BUNDLE_IDENTIFIER = martinyuan.AlignaTestUITests;
				PRODUCT_NAME = "$(TARGET_NAME)";
				SWIFT_EMIT_LOC_STRINGS = NO;
				SWIFT_VERSION = 5.0;
				TARGETED_DEVICE_FAMILY = "1,2";
				TEST_TARGET_NAME = AlignaTest;
			};
			name = Debug;
		};
		54DE58D92DC29A93008BE4B8 /* Release */ = {
			isa = XCBuildConfiguration;
			buildSettings = {
				CODE_SIGN_STYLE = Automatic;
				CURRENT_PROJECT_VERSION = 1;
				GENERATE_INFOPLIST_FILE = YES;
				MARKETING_VERSION = 1.0;
				PRODUCT_BUNDLE_IDENTIFIER = martinyuan.AlignaTestUITests;
				PRODUCT_NAME = "$(TARGET_NAME)";
				SWIFT_EMIT_LOC_STRINGS = NO;
				SWIFT_VERSION = 5.0;
				TARGETED_DEVICE_FAMILY = "1,2";
				TEST_TARGET_NAME = AlignaTest;
			};
			name = Release;
		};
/* End XCBuildConfiguration section */

/* Begin XCConfigurationList section */
		54DE58AB2DC29A91008BE4B8 /* Build configuration list for PBXProject "AlignaTest" */ = {
			isa = XCConfigurationList;
			buildConfigurations = (
				54DE58CF2DC29A93008BE4B8 /* Debug */,
				54DE58D02DC29A93008BE4B8 /* Release */,
			);
			defaultConfigurationIsVisible = 0;
			defaultConfigurationName = Release;
		};
		54DE58D12DC29A93008BE4B8 /* Build configuration list for PBXNativeTarget "AlignaTest" */ = {
			isa = XCConfigurationList;
			buildConfigurations = (
				54DE58D22DC29A93008BE4B8 /* Debug */,
				54DE58D32DC29A93008BE4B8 /* Release */,
			);
			defaultConfigurationIsVisible = 0;
			defaultConfigurationName = Release;
		};
		54DE58D42DC29A93008BE4B8 /* Build configuration list for PBXNativeTarget "AlignaTestTests" */ = {
			isa = XCConfigurationList;
			buildConfigurations = (
				54DE58D52DC29A93008BE4B8 /* Debug */,
				54DE58D62DC29A93008BE4B8 /* Release */,
			);
			defaultConfigurationIsVisible = 0;
			defaultConfigurationName = Release;
		};
		54DE58D72DC29A93008BE4B8 /* Build configuration list for PBXNativeTarget "AlignaTestUITests" */ = {
			isa = XCConfigurationList;
			buildConfigurations = (
				54DE58D82DC29A93008BE4B8 /* Debug */,
				54DE58D92DC29A93008BE4B8 /* Release */,
			);
			defaultConfigurationIsVisible = 0;
			defaultConfigurationName = Release;
		};
/* End XCConfigurationList section */

/* Begin XCRemoteSwiftPackageReference section */
		54D76B322DED185300F7ABC0 /* XCRemoteSwiftPackageReference "firebase-ios-sdk" */ = {
			isa = XCRemoteSwiftPackageReference;
			repositoryURL = "https://github.com/firebase/firebase-ios-sdk";
			requirement = {
				kind = upToNextMajorVersion;
				minimumVersion = 11.13.0;
			};
		};
		B95C17DF2E37CC190074C099 /* XCRemoteSwiftPackageReference "GoogleSignIn-iOS" */ = {
			isa = XCRemoteSwiftPackageReference;
			repositoryURL = "https://github.com/google/GoogleSignIn-iOS.git";
			requirement = {
				kind = upToNextMajorVersion;
				minimumVersion = 9.0.0;
			};
		};
/* End XCRemoteSwiftPackageReference section */

/* Begin XCSwiftPackageProductDependency section */
		54D76B352DED1BC900F7ABC0 /* FirebaseAnalytics */ = {
			isa = XCSwiftPackageProductDependency;
			package = 54D76B322DED185300F7ABC0 /* XCRemoteSwiftPackageReference "firebase-ios-sdk" */;
			productName = FirebaseAnalytics;
		};
		54D76B372DED1BC900F7ABC0 /* FirebaseAuth */ = {
			isa = XCSwiftPackageProductDependency;
			package = 54D76B322DED185300F7ABC0 /* XCRemoteSwiftPackageReference "firebase-ios-sdk" */;
			productName = FirebaseAuth;
		};
		54D76B392DED1BC900F7ABC0 /* FirebaseFirestore */ = {
			isa = XCSwiftPackageProductDependency;
			package = 54D76B322DED185300F7ABC0 /* XCRemoteSwiftPackageReference "firebase-ios-sdk" */;
			productName = FirebaseFirestore;
		};
		B95C17E02E37CC190074C099 /* GoogleSignIn */ = {
			isa = XCSwiftPackageProductDependency;
			package = B95C17DF2E37CC190074C099 /* XCRemoteSwiftPackageReference "GoogleSignIn-iOS" */;
			productName = GoogleSignIn;
		};
		B95C17E22E37CC3B0074C099 /* GoogleSignInSwift */ = {
			isa = XCSwiftPackageProductDependency;
			package = B95C17DF2E37CC190074C099 /* XCRemoteSwiftPackageReference "GoogleSignIn-iOS" */;
			productName = GoogleSignInSwift;
		};
		B96F12A12E37215B00C851AE /* FirebaseAI */ = {
			isa = XCSwiftPackageProductDependency;
			productName = FirebaseAI;
		};
		B96F12A32E37215B00C851AE /* FirebaseAnalyticsOnDeviceConversion */ = {
			isa = XCSwiftPackageProductDependency;
			productName = FirebaseAnalyticsOnDeviceConversion;
		};
		B96F12A52E37215B00C851AE /* FirebaseAnalyticsWithoutAdIdSupport */ = {
			isa = XCSwiftPackageProductDependency;
			productName = FirebaseAnalyticsWithoutAdIdSupport;
		};
		B96F12A72E37215B00C851AE /* FirebaseAppCheck */ = {
			isa = XCSwiftPackageProductDependency;
			productName = FirebaseAppCheck;
		};
		B96F12A92E37221800C851AE /* FirebaseFirestoreCombine-Community */ = {
			isa = XCSwiftPackageProductDependency;
			productName = "FirebaseFirestoreCombine-Community";
		};
		B96F12AB2E3722E500C851AE /* FirebaseFirestoreCombine-Community */ = {
			isa = XCSwiftPackageProductDependency;
			productName = "FirebaseFirestoreCombine-Community";
		};
		B96F12AD2E37246C00C851AE /* FirebaseFirestoreCombine-Community */ = {
			isa = XCSwiftPackageProductDependency;
			productName = "FirebaseFirestoreCombine-Community";
		};
/* End XCSwiftPackageProductDependency section */
	};
	rootObject = 54DE58A82DC29A91008BE4B8 /* Project object */;
}
