// !$*UTF8*$!
{
	archiveVersion = 1;
	classes = {
	};
	objectVersion = 77;
	objects = {

/* Begin PBXBuildFile section */
		54C65B742E6E115C00A41F9A /* WidgetKit.framework in Frameworks */ = {isa = PBXBuildFile; fileRef = 54C65B732E6E115C00A41F9A /* WidgetKit.framework */; };
		54C65B762E6E115C00A41F9A /* SwiftUI.framework in Frameworks */ = {isa = PBXBuildFile; fileRef = 54C65B752E6E115C00A41F9A /* SwiftUI.framework */; };
		54C65B852E6E115E00A41F9A /* AlignaWidgetExtension.appex in Embed Foundation Extensions */ = {isa = PBXBuildFile; fileRef = 54C65B712E6E115C00A41F9A /* AlignaWidgetExtension.appex */; settings = {ATTRIBUTES = (RemoveHeadersOnCopy, ); }; };
		54C65B8D2E6E128A00A41F9A /* AlignaWidgetShared.swift in Sources */ = {isa = PBXBuildFile; fileRef = 54C65B8C2E6E127B00A41F9A /* AlignaWidgetShared.swift */; };
		54C65B902E6E129B00A41F9A /* AlignaWidgetShared.swift in Sources */ = {isa = PBXBuildFile; fileRef = 54C65B8C2E6E127B00A41F9A /* AlignaWidgetShared.swift */; };
		54C65B912E6E12AD00A41F9A /* PlayfairDisplay-Italic-VariableFont_wght.ttf in Resources */ = {isa = PBXBuildFile; fileRef = 54DE58DE2DC2A05F008BE4B8 /* PlayfairDisplay-Italic-VariableFont_wght.ttf */; };
		54C65B922E6E12AD00A41F9A /* PlayfairDisplay-VariableFont_wght.ttf in Resources */ = {isa = PBXBuildFile; fileRef = 54DE58DF2DC2A05F008BE4B8 /* PlayfairDisplay-VariableFont_wght.ttf */; };
		54C65B932E6E12AD00A41F9A /* Inter-VariableFont_opsz,wght.ttf in Resources */ = {isa = PBXBuildFile; fileRef = 54DE58DA2DC2A04A008BE4B8 /* Inter-VariableFont_opsz,wght.ttf */; };
		54C65BC72E6E22D100A41F9A /* FirebaseAnalytics in Frameworks */ = {isa = PBXBuildFile; productRef = 54C65BC62E6E22D100A41F9A /* FirebaseAnalytics */; };
		54C65BC92E6E22D100A41F9A /* FirebaseAuth in Frameworks */ = {isa = PBXBuildFile; productRef = 54C65BC82E6E22D100A41F9A /* FirebaseAuth */; };
		54C65BCB2E6E22D100A41F9A /* FirebaseFirestore in Frameworks */ = {isa = PBXBuildFile; productRef = 54C65BCA2E6E22D100A41F9A /* FirebaseFirestore */; };
		54C65BCE2E6E230500A41F9A /* GoogleSignIn in Frameworks */ = {isa = PBXBuildFile; productRef = 54C65BCD2E6E230500A41F9A /* GoogleSignIn */; };
		54C65BD02E6E230500A41F9A /* GoogleSignInSwift in Frameworks */ = {isa = PBXBuildFile; productRef = 54C65BCF2E6E230500A41F9A /* GoogleSignInSwift */; };
		54DE58DB2DC2A04A008BE4B8 /* Inter-VariableFont_opsz,wght.ttf in Resources */ = {isa = PBXBuildFile; fileRef = 54DE58DA2DC2A04A008BE4B8 /* Inter-VariableFont_opsz,wght.ttf */; };
		54DE58DC2DC2A04A008BE4B8 /* Inter-VariableFont_opsz,wght.ttf in Resources */ = {isa = PBXBuildFile; fileRef = 54DE58DA2DC2A04A008BE4B8 /* Inter-VariableFont_opsz,wght.ttf */; };
		54DE58DD2DC2A04A008BE4B8 /* Inter-VariableFont_opsz,wght.ttf in Resources */ = {isa = PBXBuildFile; fileRef = 54DE58DA2DC2A04A008BE4B8 /* Inter-VariableFont_opsz,wght.ttf */; };
		54DE58E02DC2A05F008BE4B8 /* PlayfairDisplay-Italic-VariableFont_wght.ttf in Resources */ = {isa = PBXBuildFile; fileRef = 54DE58DE2DC2A05F008BE4B8 /* PlayfairDisplay-Italic-VariableFont_wght.ttf */; };
		54DE58E12DC2A05F008BE4B8 /* PlayfairDisplay-VariableFont_wght.ttf in Resources */ = {isa = PBXBuildFile; fileRef = 54DE58DF2DC2A05F008BE4B8 /* PlayfairDisplay-VariableFont_wght.ttf */; };
		54DE58E22DC2A05F008BE4B8 /* PlayfairDisplay-Italic-VariableFont_wght.ttf in Resources */ = {isa = PBXBuildFile; fileRef = 54DE58DE2DC2A05F008BE4B8 /* PlayfairDisplay-Italic-VariableFont_wght.ttf */; };
		54DE58E32DC2A05F008BE4B8 /* PlayfairDisplay-VariableFont_wght.ttf in Resources */ = {isa = PBXBuildFile; fileRef = 54DE58DF2DC2A05F008BE4B8 /* PlayfairDisplay-VariableFont_wght.ttf */; };
		54DE58E42DC2A05F008BE4B8 /* PlayfairDisplay-Italic-VariableFont_wght.ttf in Resources */ = {isa = PBXBuildFile; fileRef = 54DE58DE2DC2A05F008BE4B8 /* PlayfairDisplay-Italic-VariableFont_wght.ttf */; };
		54DE58E52DC2A05F008BE4B8 /* PlayfairDisplay-VariableFont_wght.ttf in Resources */ = {isa = PBXBuildFile; fileRef = 54DE58DF2DC2A05F008BE4B8 /* PlayfairDisplay-VariableFont_wght.ttf */; };
		B9B23EF52F2199B200E620E2 /* CormorantGaramond-SemiBold.ttf in Resources */ = {isa = PBXBuildFile; fileRef = B9B23EF42F2199B200E620E2 /* CormorantGaramond-SemiBold.ttf */; };
		B9B23EF62F2199B200E620E2 /* CormorantGaramond-SemiBold.ttf in Resources */ = {isa = PBXBuildFile; fileRef = B9B23EF42F2199B200E620E2 /* CormorantGaramond-SemiBold.ttf */; };
		B9B23EF72F2199B200E620E2 /* CormorantGaramond-SemiBold.ttf in Resources */ = {isa = PBXBuildFile; fileRef = B9B23EF42F2199B200E620E2 /* CormorantGaramond-SemiBold.ttf */; };
		B9B23EF82F2199B200E620E2 /* CormorantGaramond-SemiBold.ttf in Resources */ = {isa = PBXBuildFile; fileRef = B9B23EF42F2199B200E620E2 /* CormorantGaramond-SemiBold.ttf */; };
		B9B23EFA2F2199B300E620E2 /* CormorantGaramond-Bold.ttf in Resources */ = {isa = PBXBuildFile; fileRef = B9B23EF92F2199B300E620E2 /* CormorantGaramond-Bold.ttf */; };
		B9B23EFB2F2199B300E620E2 /* CormorantGaramond-Bold.ttf in Resources */ = {isa = PBXBuildFile; fileRef = B9B23EF92F2199B300E620E2 /* CormorantGaramond-Bold.ttf */; };
		B9B23EFC2F2199B300E620E2 /* CormorantGaramond-Bold.ttf in Resources */ = {isa = PBXBuildFile; fileRef = B9B23EF92F2199B300E620E2 /* CormorantGaramond-Bold.ttf */; };
		B9B23EFD2F2199B300E620E2 /* CormorantGaramond-Bold.ttf in Resources */ = {isa = PBXBuildFile; fileRef = B9B23EF92F2199B300E620E2 /* CormorantGaramond-Bold.ttf */; };
		B9B23F042F2199CC00E620E2 /* Gloock-Regular.ttf in Resources */ = {isa = PBXBuildFile; fileRef = B9B23F032F2199CC00E620E2 /* Gloock-Regular.ttf */; };
		B9B23F052F2199CC00E620E2 /* Gloock-Regular.ttf in Resources */ = {isa = PBXBuildFile; fileRef = B9B23F032F2199CC00E620E2 /* Gloock-Regular.ttf */; };
		B9B23F062F2199CC00E620E2 /* Gloock-Regular.ttf in Resources */ = {isa = PBXBuildFile; fileRef = B9B23F032F2199CC00E620E2 /* Gloock-Regular.ttf */; };
		B9B23F072F2199CC00E620E2 /* Gloock-Regular.ttf in Resources */ = {isa = PBXBuildFile; fileRef = B9B23F032F2199CC00E620E2 /* Gloock-Regular.ttf */; };
		B9B23F222F219E8A00E620E2 /* Merriweather-Italic.ttf in Resources */ = {isa = PBXBuildFile; fileRef = B9B23F212F219E8A00E620E2 /* Merriweather-Italic.ttf */; };
		B9B23F232F219E8A00E620E2 /* Merriweather-Italic.ttf in Resources */ = {isa = PBXBuildFile; fileRef = B9B23F212F219E8A00E620E2 /* Merriweather-Italic.ttf */; };
		B9B23F242F219E8A00E620E2 /* Merriweather-Italic.ttf in Resources */ = {isa = PBXBuildFile; fileRef = B9B23F212F219E8A00E620E2 /* Merriweather-Italic.ttf */; };
		B9B23F252F219E8A00E620E2 /* Merriweather-Italic.ttf in Resources */ = {isa = PBXBuildFile; fileRef = B9B23F212F219E8A00E620E2 /* Merriweather-Italic.ttf */; };
		B9B23F272F219E9A00E620E2 /* Merriweather-Regular.ttf in Resources */ = {isa = PBXBuildFile; fileRef = B9B23F262F219E9A00E620E2 /* Merriweather-Regular.ttf */; };
		B9B23F282F219E9A00E620E2 /* Merriweather-Regular.ttf in Resources */ = {isa = PBXBuildFile; fileRef = B9B23F262F219E9A00E620E2 /* Merriweather-Regular.ttf */; };
		B9B23F292F219E9A00E620E2 /* Merriweather-Regular.ttf in Resources */ = {isa = PBXBuildFile; fileRef = B9B23F262F219E9A00E620E2 /* Merriweather-Regular.ttf */; };
		B9B23F2A2F219E9A00E620E2 /* Merriweather-Regular.ttf in Resources */ = {isa = PBXBuildFile; fileRef = B9B23F262F219E9A00E620E2 /* Merriweather-Regular.ttf */; };
		B9B23F2C2F219EB800E620E2 /* Merriweather-Black.ttf in Resources */ = {isa = PBXBuildFile; fileRef = B9B23F2B2F219EB800E620E2 /* Merriweather-Black.ttf */; };
		B9B23F2D2F219EB800E620E2 /* Merriweather-Black.ttf in Resources */ = {isa = PBXBuildFile; fileRef = B9B23F2B2F219EB800E620E2 /* Merriweather-Black.ttf */; };
		B9B23F2E2F219EB800E620E2 /* Merriweather-Black.ttf in Resources */ = {isa = PBXBuildFile; fileRef = B9B23F2B2F219EB800E620E2 /* Merriweather-Black.ttf */; };
		B9B23F2F2F219EB800E620E2 /* Merriweather-Black.ttf in Resources */ = {isa = PBXBuildFile; fileRef = B9B23F2B2F219EB800E620E2 /* Merriweather-Black.ttf */; };
		B9B23F362F219F1900E620E2 /* Merriweather-LightItalic.ttf in Resources */ = {isa = PBXBuildFile; fileRef = B9B23F352F219F1900E620E2 /* Merriweather-LightItalic.ttf */; };
		B9B23F372F219F1900E620E2 /* Merriweather-LightItalic.ttf in Resources */ = {isa = PBXBuildFile; fileRef = B9B23F352F219F1900E620E2 /* Merriweather-LightItalic.ttf */; };
		B9B23F382F219F1900E620E2 /* Merriweather-LightItalic.ttf in Resources */ = {isa = PBXBuildFile; fileRef = B9B23F352F219F1900E620E2 /* Merriweather-LightItalic.ttf */; };
		B9B23F392F219F1900E620E2 /* Merriweather-LightItalic.ttf in Resources */ = {isa = PBXBuildFile; fileRef = B9B23F352F219F1900E620E2 /* Merriweather-LightItalic.ttf */; };
		B9B23F452F21A19200E620E2 /* Merriweather-Light.ttf in Resources */ = {isa = PBXBuildFile; fileRef = B9B23F442F21A19200E620E2 /* Merriweather-Light.ttf */; };
		B9B23F462F21A19200E620E2 /* Merriweather-Light.ttf in Resources */ = {isa = PBXBuildFile; fileRef = B9B23F442F21A19200E620E2 /* Merriweather-Light.ttf */; };
		B9B23F472F21A19200E620E2 /* Merriweather-Light.ttf in Resources */ = {isa = PBXBuildFile; fileRef = B9B23F442F21A19200E620E2 /* Merriweather-Light.ttf */; };
		B9B23F482F21A19200E620E2 /* Merriweather-Light.ttf in Resources */ = {isa = PBXBuildFile; fileRef = B9B23F442F21A19200E620E2 /* Merriweather-Light.ttf */; };
		B9B23F4A2F230FAE00E620E2 /* CormorantGaramond-Bold.ttf in Resources */ = {isa = PBXBuildFile; fileRef = B9B23F492F230FAE00E620E2 /* CormorantGaramond-Bold.ttf */; };
		B9B23F4B2F230FAE00E620E2 /* CormorantGaramond-Bold.ttf in Resources */ = {isa = PBXBuildFile; fileRef = B9B23F492F230FAE00E620E2 /* CormorantGaramond-Bold.ttf */; };
		B9B23F4C2F230FAE00E620E2 /* CormorantGaramond-Bold.ttf in Resources */ = {isa = PBXBuildFile; fileRef = B9B23F492F230FAE00E620E2 /* CormorantGaramond-Bold.ttf */; };
		B9B23F4D2F230FAE00E620E2 /* CormorantGaramond-Bold.ttf in Resources */ = {isa = PBXBuildFile; fileRef = B9B23F492F230FAE00E620E2 /* CormorantGaramond-Bold.ttf */; };
/* End PBXBuildFile section */

/* Begin PBXContainerItemProxy section */
		54C65B832E6E115E00A41F9A /* PBXContainerItemProxy */ = {
			isa = PBXContainerItemProxy;
			containerPortal = 54DE58A82DC29A91008BE4B8 /* Project object */;
			proxyType = 1;
			remoteGlobalIDString = 54C65B702E6E115C00A41F9A;
			remoteInfo = AlignaWidgetExtension;
		};
		54DE58BE2DC29A93008BE4B8 /* PBXContainerItemProxy */ = {
			isa = PBXContainerItemProxy;
			containerPortal = 54DE58A82DC29A91008BE4B8 /* Project object */;
			proxyType = 1;
			remoteGlobalIDString = 54DE58AF2DC29A91008BE4B8;
			remoteInfo = AlignaTest;
		};
		54DE58C82DC29A93008BE4B8 /* PBXContainerItemProxy */ = {
			isa = PBXContainerItemProxy;
			containerPortal = 54DE58A82DC29A91008BE4B8 /* Project object */;
			proxyType = 1;
			remoteGlobalIDString = 54DE58AF2DC29A91008BE4B8;
			remoteInfo = AlignaTest;
		};
/* End PBXContainerItemProxy section */

/* Begin PBXCopyFilesBuildPhase section */
		54C65B8A2E6E115E00A41F9A /* Embed Foundation Extensions */ = {
			isa = PBXCopyFilesBuildPhase;
			buildActionMask = 12;
			dstPath = "";
			dstSubfolderSpec = 13;
			files = (
				54C65B852E6E115E00A41F9A /* AlignaWidgetExtension.appex in Embed Foundation Extensions */,
			);
			name = "Embed Foundation Extensions";
			runOnlyForDeploymentPostprocessing = 0;
		};
/* End PBXCopyFilesBuildPhase section */

/* Begin PBXFileReference section */
		54C65B712E6E115C00A41F9A /* AlignaWidgetExtension.appex */ = {isa = PBXFileReference; explicitFileType = "wrapper.app-extension"; includeInIndex = 0; path = AlignaWidgetExtension.appex; sourceTree = BUILT_PRODUCTS_DIR; };
		54C65B732E6E115C00A41F9A /* WidgetKit.framework */ = {isa = PBXFileReference; lastKnownFileType = wrapper.framework; name = WidgetKit.framework; path = System/Library/Frameworks/WidgetKit.framework; sourceTree = SDKROOT; };
		54C65B752E6E115C00A41F9A /* SwiftUI.framework */ = {isa = PBXFileReference; lastKnownFileType = wrapper.framework; name = SwiftUI.framework; path = System/Library/Frameworks/SwiftUI.framework; sourceTree = SDKROOT; };
		54C65B8B2E6E125600A41F9A /* AlignaWidgetExtensionRelease.entitlements */ = {isa = PBXFileReference; lastKnownFileType = text.plist.entitlements; path = AlignaWidgetExtensionRelease.entitlements; sourceTree = "<group>"; };
		54C65B8C2E6E127B00A41F9A /* AlignaWidgetShared.swift */ = {isa = PBXFileReference; lastKnownFileType = sourcecode.swift; path = AlignaWidgetShared.swift; sourceTree = "<group>"; };
		54DE58B02DC29A91008BE4B8 /* AlignaTest.app */ = {isa = PBXFileReference; explicitFileType = wrapper.application; includeInIndex = 0; path = AlignaTest.app; sourceTree = BUILT_PRODUCTS_DIR; };
		54DE58BD2DC29A93008BE4B8 /* AlignaTestTests.xctest */ = {isa = PBXFileReference; explicitFileType = wrapper.cfbundle; includeInIndex = 0; path = AlignaTestTests.xctest; sourceTree = BUILT_PRODUCTS_DIR; };
		54DE58C72DC29A93008BE4B8 /* AlignaTestUITests.xctest */ = {isa = PBXFileReference; explicitFileType = wrapper.cfbundle; includeInIndex = 0; path = AlignaTestUITests.xctest; sourceTree = BUILT_PRODUCTS_DIR; };
		54DE58DA2DC2A04A008BE4B8 /* Inter-VariableFont_opsz,wght.ttf */ = {isa = PBXFileReference; lastKnownFileType = file; path = "Inter-VariableFont_opsz,wght.ttf"; sourceTree = "<group>"; };
		54DE58DE2DC2A05F008BE4B8 /* PlayfairDisplay-Italic-VariableFont_wght.ttf */ = {isa = PBXFileReference; lastKnownFileType = file; path = "PlayfairDisplay-Italic-VariableFont_wght.ttf"; sourceTree = "<group>"; };
		54DE58DF2DC2A05F008BE4B8 /* PlayfairDisplay-VariableFont_wght.ttf */ = {isa = PBXFileReference; lastKnownFileType = file; path = "PlayfairDisplay-VariableFont_wght.ttf"; sourceTree = "<group>"; };
		B9B23EF42F2199B200E620E2 /* CormorantGaramond-SemiBold.ttf */ = {isa = PBXFileReference; lastKnownFileType = file; path = "CormorantGaramond-SemiBold.ttf"; sourceTree = "<group>"; };
		B9B23EF92F2199B300E620E2 /* CormorantGaramond-Bold.ttf */ = {isa = PBXFileReference; lastKnownFileType = file; path = "CormorantGaramond-Bold.ttf"; sourceTree = "<group>"; };
		B9B23F032F2199CC00E620E2 /* Gloock-Regular.ttf */ = {isa = PBXFileReference; lastKnownFileType = file; path = "Gloock-Regular.ttf"; sourceTree = "<group>"; };
		B9B23F212F219E8A00E620E2 /* Merriweather-Italic.ttf */ = {isa = PBXFileReference; lastKnownFileType = file; path = "Merriweather-Italic.ttf"; sourceTree = "<group>"; };
		B9B23F262F219E9A00E620E2 /* Merriweather-Regular.ttf */ = {isa = PBXFileReference; lastKnownFileType = file; path = "Merriweather-Regular.ttf"; sourceTree = "<group>"; };
		B9B23F2B2F219EB800E620E2 /* Merriweather-Black.ttf */ = {isa = PBXFileReference; lastKnownFileType = file; path = "Merriweather-Black.ttf"; sourceTree = "<group>"; };
		B9B23F352F219F1900E620E2 /* Merriweather-LightItalic.ttf */ = {isa = PBXFileReference; lastKnownFileType = file; path = "Merriweather-LightItalic.ttf"; sourceTree = "<group>"; };
		B9B23F442F21A19200E620E2 /* Merriweather-Light.ttf */ = {isa = PBXFileReference; lastKnownFileType = file; path = "Merriweather-Light.ttf"; sourceTree = "<group>"; };
		B9B23F492F230FAE00E620E2 /* CormorantGaramond-Bold.ttf */ = {isa = PBXFileReference; lastKnownFileType = file; path = "CormorantGaramond-Bold.ttf"; sourceTree = "<group>"; };
/* End PBXFileReference section */

/* Begin PBXFileSystemSynchronizedBuildFileExceptionSet section */
		548498042E2B8E5A00E93C9D /* Exceptions for "AlignaTest" folder in "AlignaTestTests" target */ = {
			isa = PBXFileSystemSynchronizedBuildFileExceptionSet;
			membershipExceptions = (
				brown_noise.wav,
				DS_Store,
				fire_crackle.wav,
				forest_birds.wav,
				"GoogleService-Info.plist",
				low_drums.wav,
				night_insects.wav,
				ocean_waves.wav,
				pink_noise.wav,
				rainfall.wav,
				singing_bowl.wav,
				white_noise.wav,
			);
			target = 54DE58BC2DC29A93008BE4B8 /* AlignaTestTests */;
		};
		548498052E2B8E5A00E93C9D /* Exceptions for "AlignaTest" folder in "AlignaTestUITests" target */ = {
			isa = PBXFileSystemSynchronizedBuildFileExceptionSet;
			membershipExceptions = (
				brown_noise.wav,
				DS_Store,
				fire_crackle.wav,
				forest_birds.wav,
				"GoogleService-Info.plist",
				low_drums.wav,
				night_insects.wav,
				ocean_waves.wav,
				pink_noise.wav,
				rainfall.wav,
				singing_bowl.wav,
				white_noise.wav,
			);
			target = 54DE58C62DC29A93008BE4B8 /* AlignaTestUITests */;
		};
		54C65BBA2E6E161800A41F9A /* Exceptions for "AlignaTest" folder in "AlignaWidgetExtension" target */ = {
			isa = PBXFileSystemSynchronizedBuildFileExceptionSet;
			membershipExceptions = (
				Assets.xcassets,
				"GoogleService-Info.plist",
			);
			target = 54C65B702E6E115C00A41F9A /* AlignaWidgetExtension */;
		};
		54C65BC32E6E16BF00A41F9A /* Exceptions for "AlignaWidget" folder in "AlignaWidgetExtension" target */ = {
			isa = PBXFileSystemSynchronizedBuildFileExceptionSet;
			membershipExceptions = (
				Info.plist,
			);
			target = 54C65B702E6E115C00A41F9A /* AlignaWidgetExtension */;
		};
		54C65BC42E6E17C100A41F9A /* Exceptions for "AlignaTest" folder in "AlignaTest" target */ = {
			isa = PBXFileSystemSynchronizedBuildFileExceptionSet;
			membershipExceptions = (
				Info.plist,
			);
			target = 54DE58AF2DC29A91008BE4B8 /* AlignaTest */;
		};
/* End PBXFileSystemSynchronizedBuildFileExceptionSet section */

/* Begin PBXFileSystemSynchronizedRootGroup section */
		54C65B772E6E115C00A41F9A /* AlignaWidget */ = {
			isa = PBXFileSystemSynchronizedRootGroup;
			exceptions = (
				54C65BC32E6E16BF00A41F9A /* Exceptions for "AlignaWidget" folder in "AlignaWidgetExtension" target */,
			);
			path = AlignaWidget;
			sourceTree = "<group>";
		};
		54DE58B22DC29A91008BE4B8 /* AlignaTest */ = {
			isa = PBXFileSystemSynchronizedRootGroup;
			exceptions = (
				54C65BC42E6E17C100A41F9A /* Exceptions for "AlignaTest" folder in "AlignaTest" target */,
				548498042E2B8E5A00E93C9D /* Exceptions for "AlignaTest" folder in "AlignaTestTests" target */,
				548498052E2B8E5A00E93C9D /* Exceptions for "AlignaTest" folder in "AlignaTestUITests" target */,
				54C65BBA2E6E161800A41F9A /* Exceptions for "AlignaTest" folder in "AlignaWidgetExtension" target */,
			);
			path = AlignaTest;
			sourceTree = "<group>";
		};
		54DE58C02DC29A93008BE4B8 /* AlignaTestTests */ = {
			isa = PBXFileSystemSynchronizedRootGroup;
			path = AlignaTestTests;
			sourceTree = "<group>";
		};
		54DE58CA2DC29A93008BE4B8 /* AlignaTestUITests */ = {
			isa = PBXFileSystemSynchronizedRootGroup;
			path = AlignaTestUITests;
			sourceTree = "<group>";
		};
/* End PBXFileSystemSynchronizedRootGroup section */

/* Begin PBXFrameworksBuildPhase section */
		54C65B6E2E6E115C00A41F9A /* Frameworks */ = {
			isa = PBXFrameworksBuildPhase;
			buildActionMask = 2147483647;
			files = (
				54C65B762E6E115C00A41F9A /* SwiftUI.framework in Frameworks */,
				54C65B742E6E115C00A41F9A /* WidgetKit.framework in Frameworks */,
			);
			runOnlyForDeploymentPostprocessing = 0;
		};
		54DE58AD2DC29A91008BE4B8 /* Frameworks */ = {
			isa = PBXFrameworksBuildPhase;
			buildActionMask = 2147483647;
			files = (
				54C65BD02E6E230500A41F9A /* GoogleSignInSwift in Frameworks */,
				54C65BC72E6E22D100A41F9A /* FirebaseAnalytics in Frameworks */,
				54C65BCE2E6E230500A41F9A /* GoogleSignIn in Frameworks */,
				54C65BC92E6E22D100A41F9A /* FirebaseAuth in Frameworks */,
				54C65BCB2E6E22D100A41F9A /* FirebaseFirestore in Frameworks */,
			);
			runOnlyForDeploymentPostprocessing = 0;
		};
		54DE58BA2DC29A93008BE4B8 /* Frameworks */ = {
			isa = PBXFrameworksBuildPhase;
			buildActionMask = 2147483647;
			files = (
			);
			runOnlyForDeploymentPostprocessing = 0;
		};
		54DE58C42DC29A93008BE4B8 /* Frameworks */ = {
			isa = PBXFrameworksBuildPhase;
			buildActionMask = 2147483647;
			files = (
			);
			runOnlyForDeploymentPostprocessing = 0;
		};
/* End PBXFrameworksBuildPhase section */

/* Begin PBXGroup section */
		54C65B722E6E115C00A41F9A /* Frameworks */ = {
			isa = PBXGroup;
			children = (
				54C65B732E6E115C00A41F9A /* WidgetKit.framework */,
				54C65B752E6E115C00A41F9A /* SwiftUI.framework */,
			);
			name = Frameworks;
			sourceTree = "<group>";
		};
		54DE58A72DC29A91008BE4B8 = {
			isa = PBXGroup;
			children = (
				54C65B8C2E6E127B00A41F9A /* AlignaWidgetShared.swift */,
				54C65B8B2E6E125600A41F9A /* AlignaWidgetExtensionRelease.entitlements */,
				54DE58DE2DC2A05F008BE4B8 /* PlayfairDisplay-Italic-VariableFont_wght.ttf */,
				B9B23EF42F2199B200E620E2 /* CormorantGaramond-SemiBold.ttf */,
				B9B23EF92F2199B300E620E2 /* CormorantGaramond-Bold.ttf */,
				B9B23F032F2199CC00E620E2 /* Gloock-Regular.ttf */,
				B9B23F2B2F219EB800E620E2 /* Merriweather-Black.ttf */,
				B9B23F212F219E8A00E620E2 /* Merriweather-Italic.ttf */,
				B9B23F492F230FAE00E620E2 /* CormorantGaramond-Bold.ttf */,
				B9B23F352F219F1900E620E2 /* Merriweather-LightItalic.ttf */,
				B9B23F262F219E9A00E620E2 /* Merriweather-Regular.ttf */,
				B9B23F442F21A19200E620E2 /* Merriweather-Light.ttf */,
				54DE58DF2DC2A05F008BE4B8 /* PlayfairDisplay-VariableFont_wght.ttf */,
				54DE58DA2DC2A04A008BE4B8 /* Inter-VariableFont_opsz,wght.ttf */,
				54DE58B22DC29A91008BE4B8 /* AlignaTest */,
				54DE58C02DC29A93008BE4B8 /* AlignaTestTests */,
				54DE58CA2DC29A93008BE4B8 /* AlignaTestUITests */,
				54C65B772E6E115C00A41F9A /* AlignaWidget */,
				54C65B722E6E115C00A41F9A /* Frameworks */,
				54DE58B12DC29A91008BE4B8 /* Products */,
			);
			sourceTree = "<group>";
		};
		54DE58B12DC29A91008BE4B8 /* Products */ = {
			isa = PBXGroup;
			children = (
				54DE58B02DC29A91008BE4B8 /* AlignaTest.app */,
				54DE58BD2DC29A93008BE4B8 /* AlignaTestTests.xctest */,
				54DE58C72DC29A93008BE4B8 /* AlignaTestUITests.xctest */,
				54C65B712E6E115C00A41F9A /* AlignaWidgetExtension.appex */,
			);
			name = Products;
			sourceTree = "<group>";
		};
/* End PBXGroup section */

/* Begin PBXNativeTarget section */
		54C65B702E6E115C00A41F9A /* AlignaWidgetExtension */ = {
			isa = PBXNativeTarget;
			buildConfigurationList = 54C65B862E6E115E00A41F9A /* Build configuration list for PBXNativeTarget "AlignaWidgetExtension" */;
			buildPhases = (
				54C65B6D2E6E115C00A41F9A /* Sources */,
				54C65B6E2E6E115C00A41F9A /* Frameworks */,
				54C65B6F2E6E115C00A41F9A /* Resources */,
			);
			buildRules = (
			);
			dependencies = (
			);
			fileSystemSynchronizedGroups = (
				54C65B772E6E115C00A41F9A /* AlignaWidget */,
			);
			name = AlignaWidgetExtension;
			packageProductDependencies = (
			);
			productName = AlignaWidgetExtension;
			productReference = 54C65B712E6E115C00A41F9A /* AlignaWidgetExtension.appex */;
			productType = "com.apple.product-type.app-extension";
		};
		54DE58AF2DC29A91008BE4B8 /* AlignaTest */ = {
			isa = PBXNativeTarget;
			buildConfigurationList = 54DE58D12DC29A93008BE4B8 /* Build configuration list for PBXNativeTarget "AlignaTest" */;
			buildPhases = (
				54DE58AC2DC29A91008BE4B8 /* Sources */,
				54DE58AD2DC29A91008BE4B8 /* Frameworks */,
				54DE58AE2DC29A91008BE4B8 /* Resources */,
				54C65B8A2E6E115E00A41F9A /* Embed Foundation Extensions */,
			);
			buildRules = (
			);
			dependencies = (
				54C65B842E6E115E00A41F9A /* PBXTargetDependency */,
			);
			fileSystemSynchronizedGroups = (
				54DE58B22DC29A91008BE4B8 /* AlignaTest */,
			);
			name = AlignaTest;
			packageProductDependencies = (
				54C65BC62E6E22D100A41F9A /* FirebaseAnalytics */,
				54C65BC82E6E22D100A41F9A /* FirebaseAuth */,
				54C65BCA2E6E22D100A41F9A /* FirebaseFirestore */,
				54C65BCD2E6E230500A41F9A /* GoogleSignIn */,
				54C65BCF2E6E230500A41F9A /* GoogleSignInSwift */,
			);
			productName = AlignaTest;
			productReference = 54DE58B02DC29A91008BE4B8 /* AlignaTest.app */;
			productType = "com.apple.product-type.application";
		};
		54DE58BC2DC29A93008BE4B8 /* AlignaTestTests */ = {
			isa = PBXNativeTarget;
			buildConfigurationList = 54DE58D42DC29A93008BE4B8 /* Build configuration list for PBXNativeTarget "AlignaTestTests" */;
			buildPhases = (
				54DE58B92DC29A93008BE4B8 /* Sources */,
				54DE58BA2DC29A93008BE4B8 /* Frameworks */,
				54DE58BB2DC29A93008BE4B8 /* Resources */,
			);
			buildRules = (
			);
			dependencies = (
				54DE58BF2DC29A93008BE4B8 /* PBXTargetDependency */,
			);
			fileSystemSynchronizedGroups = (
				54DE58C02DC29A93008BE4B8 /* AlignaTestTests */,
			);
			name = AlignaTestTests;
			packageProductDependencies = (
			);
			productName = AlignaTestTests;
			productReference = 54DE58BD2DC29A93008BE4B8 /* AlignaTestTests.xctest */;
			productType = "com.apple.product-type.bundle.unit-test";
		};
		54DE58C62DC29A93008BE4B8 /* AlignaTestUITests */ = {
			isa = PBXNativeTarget;
			buildConfigurationList = 54DE58D72DC29A93008BE4B8 /* Build configuration list for PBXNativeTarget "AlignaTestUITests" */;
			buildPhases = (
				54DE58C32DC29A93008BE4B8 /* Sources */,
				54DE58C42DC29A93008BE4B8 /* Frameworks */,
				54DE58C52DC29A93008BE4B8 /* Resources */,
			);
			buildRules = (
			);
			dependencies = (
				54DE58C92DC29A93008BE4B8 /* PBXTargetDependency */,
			);
			fileSystemSynchronizedGroups = (
				54DE58CA2DC29A93008BE4B8 /* AlignaTestUITests */,
			);
			name = AlignaTestUITests;
			packageProductDependencies = (
			);
			productName = AlignaTestUITests;
			productReference = 54DE58C72DC29A93008BE4B8 /* AlignaTestUITests.xctest */;
			productType = "com.apple.product-type.bundle.ui-testing";
		};
/* End PBXNativeTarget section */

/* Begin PBXProject section */
		54DE58A82DC29A91008BE4B8 /* Project object */ = {
			isa = PBXProject;
			attributes = {
				BuildIndependentTargetsInParallel = 1;
				LastSwiftUpdateCheck = 1630;
				LastUpgradeCheck = 1630;
				TargetAttributes = {
					54C65B702E6E115C00A41F9A = {
						CreatedOnToolsVersion = 16.3;
					};
					54DE58AF2DC29A91008BE4B8 = {
						CreatedOnToolsVersion = 16.3;
					};
					54DE58BC2DC29A93008BE4B8 = {
						CreatedOnToolsVersion = 16.3;
						TestTargetID = 54DE58AF2DC29A91008BE4B8;
					};
					54DE58C62DC29A93008BE4B8 = {
						CreatedOnToolsVersion = 16.3;
						TestTargetID = 54DE58AF2DC29A91008BE4B8;
					};
				};
			};
			buildConfigurationList = 54DE58AB2DC29A91008BE4B8 /* Build configuration list for PBXProject "AlignaTest" */;
			developmentRegion = en;
			hasScannedForEncodings = 0;
			knownRegions = (
				en,
				Base,
			);
			mainGroup = 54DE58A72DC29A91008BE4B8;
			minimizedProjectReferenceProxies = 1;
			packageReferences = (
				54C65BC52E6E22D100A41F9A /* XCRemoteSwiftPackageReference "firebase-ios-sdk" */,
				54C65BCC2E6E230500A41F9A /* XCRemoteSwiftPackageReference "GoogleSignIn-iOS" */,
			);
			preferredProjectObjectVersion = 77;
			productRefGroup = 54DE58B12DC29A91008BE4B8 /* Products */;
			projectDirPath = "";
			projectRoot = "";
			targets = (
				54DE58AF2DC29A91008BE4B8 /* AlignaTest */,
				54DE58BC2DC29A93008BE4B8 /* AlignaTestTests */,
				54DE58C62DC29A93008BE4B8 /* AlignaTestUITests */,
				54C65B702E6E115C00A41F9A /* AlignaWidgetExtension */,
			);
		};
/* End PBXProject section */

/* Begin PBXResourcesBuildPhase section */
		54C65B6F2E6E115C00A41F9A /* Resources */ = {
			isa = PBXResourcesBuildPhase;
			buildActionMask = 2147483647;
			files = (
				B9B23F4D2F230FAE00E620E2 /* CormorantGaramond-Bold.ttf in Resources */,
				B9B23F052F2199CC00E620E2 /* Gloock-Regular.ttf in Resources */,
				54C65B912E6E12AD00A41F9A /* PlayfairDisplay-Italic-VariableFont_wght.ttf in Resources */,
				B9B23F372F219F1900E620E2 /* Merriweather-LightItalic.ttf in Resources */,
				B9B23EFC2F2199B300E620E2 /* CormorantGaramond-Bold.ttf in Resources */,
				B9B23F2F2F219EB800E620E2 /* Merriweather-Black.ttf in Resources */,
				54C65B922E6E12AD00A41F9A /* PlayfairDisplay-VariableFont_wght.ttf in Resources */,
				B9B23EF82F2199B200E620E2 /* CormorantGaramond-SemiBold.ttf in Resources */,
				B9B23F482F21A19200E620E2 /* Merriweather-Light.ttf in Resources */,
				54C65B932E6E12AD00A41F9A /* Inter-VariableFont_opsz,wght.ttf in Resources */,
				B9B23F222F219E8A00E620E2 /* Merriweather-Italic.ttf in Resources */,
				B9B23F282F219E9A00E620E2 /* Merriweather-Regular.ttf in Resources */,
			);
			runOnlyForDeploymentPostprocessing = 0;
		};
		54DE58AE2DC29A91008BE4B8 /* Resources */ = {
			isa = PBXResourcesBuildPhase;
			buildActionMask = 2147483647;
			files = (
				54DE58DC2DC2A04A008BE4B8 /* Inter-VariableFont_opsz,wght.ttf in Resources */,
				B9B23F2E2F219EB800E620E2 /* Merriweather-Black.ttf in Resources */,
				B9B23F242F219E8A00E620E2 /* Merriweather-Italic.ttf in Resources */,
				B9B23EFA2F2199B300E620E2 /* CormorantGaramond-Bold.ttf in Resources */,
				B9B23EF52F2199B200E620E2 /* CormorantGaramond-SemiBold.ttf in Resources */,
				B9B23F4B2F230FAE00E620E2 /* CormorantGaramond-Bold.ttf in Resources */,
				B9B23F072F2199CC00E620E2 /* Gloock-Regular.ttf in Resources */,
				B9B23F272F219E9A00E620E2 /* Merriweather-Regular.ttf in Resources */,
				B9B23F472F21A19200E620E2 /* Merriweather-Light.ttf in Resources */,
				B9B23F382F219F1900E620E2 /* Merriweather-LightItalic.ttf in Resources */,
				54DE58E02DC2A05F008BE4B8 /* PlayfairDisplay-Italic-VariableFont_wght.ttf in Resources */,
				54DE58E12DC2A05F008BE4B8 /* PlayfairDisplay-VariableFont_wght.ttf in Resources */,
			);
			runOnlyForDeploymentPostprocessing = 0;
		};
		54DE58BB2DC29A93008BE4B8 /* Resources */ = {
			isa = PBXResourcesBuildPhase;
			buildActionMask = 2147483647;
			files = (
				54DE58E42DC2A05F008BE4B8 /* PlayfairDisplay-Italic-VariableFont_wght.ttf in Resources */,
				54DE58E52DC2A05F008BE4B8 /* PlayfairDisplay-VariableFont_wght.ttf in Resources */,
				B9B23F4C2F230FAE00E620E2 /* CormorantGaramond-Bold.ttf in Resources */,
				B9B23F392F219F1900E620E2 /* Merriweather-LightItalic.ttf in Resources */,
				54DE58DD2DC2A04A008BE4B8 /* Inter-VariableFont_opsz,wght.ttf in Resources */,
				B9B23F292F219E9A00E620E2 /* Merriweather-Regular.ttf in Resources */,
				B9B23F462F21A19200E620E2 /* Merriweather-Light.ttf in Resources */,
				B9B23EF72F2199B200E620E2 /* CormorantGaramond-SemiBold.ttf in Resources */,
				B9B23EFD2F2199B300E620E2 /* CormorantGaramond-Bold.ttf in Resources */,
				B9B23F2C2F219EB800E620E2 /* Merriweather-Black.ttf in Resources */,
				B9B23F042F2199CC00E620E2 /* Gloock-Regular.ttf in Resources */,
				B9B23F232F219E8A00E620E2 /* Merriweather-Italic.ttf in Resources */,
			);
			runOnlyForDeploymentPostprocessing = 0;
		};
		54DE58C52DC29A93008BE4B8 /* Resources */ = {
			isa = PBXResourcesBuildPhase;
			buildActionMask = 2147483647;
			files = (
				54DE58E22DC2A05F008BE4B8 /* PlayfairDisplay-Italic-VariableFont_wght.ttf in Resources */,
				54DE58E32DC2A05F008BE4B8 /* PlayfairDisplay-VariableFont_wght.ttf in Resources */,
				B9B23F4A2F230FAE00E620E2 /* CormorantGaramond-Bold.ttf in Resources */,
				B9B23F362F219F1900E620E2 /* Merriweather-LightItalic.ttf in Resources */,
				54DE58DB2DC2A04A008BE4B8 /* Inter-VariableFont_opsz,wght.ttf in Resources */,
				B9B23F2A2F219E9A00E620E2 /* Merriweather-Regular.ttf in Resources */,
				B9B23F452F21A19200E620E2 /* Merriweather-Light.ttf in Resources */,
				B9B23EF62F2199B200E620E2 /* CormorantGaramond-SemiBold.ttf in Resources */,
				B9B23EFB2F2199B300E620E2 /* CormorantGaramond-Bold.ttf in Resources */,
				B9B23F2D2F219EB800E620E2 /* Merriweather-Black.ttf in Resources */,
				B9B23F062F2199CC00E620E2 /* Gloock-Regular.ttf in Resources */,
				B9B23F252F219E8A00E620E2 /* Merriweather-Italic.ttf in Resources */,
			);
			runOnlyForDeploymentPostprocessing = 0;
		};
/* End PBXResourcesBuildPhase section */

/* Begin PBXSourcesBuildPhase section */
		54C65B6D2E6E115C00A41F9A /* Sources */ = {
			isa = PBXSourcesBuildPhase;
			buildActionMask = 2147483647;
			files = (
				54C65B902E6E129B00A41F9A /* AlignaWidgetShared.swift in Sources */,
			);
			runOnlyForDeploymentPostprocessing = 0;
		};
		54DE58AC2DC29A91008BE4B8 /* Sources */ = {
			isa = PBXSourcesBuildPhase;
			buildActionMask = 2147483647;
			files = (
				54C65B8D2E6E128A00A41F9A /* AlignaWidgetShared.swift in Sources */,
			);
			runOnlyForDeploymentPostprocessing = 0;
		};
		54DE58B92DC29A93008BE4B8 /* Sources */ = {
			isa = PBXSourcesBuildPhase;
			buildActionMask = 2147483647;
			files = (
			);
			runOnlyForDeploymentPostprocessing = 0;
		};
		54DE58C32DC29A93008BE4B8 /* Sources */ = {
			isa = PBXSourcesBuildPhase;
			buildActionMask = 2147483647;
			files = (
			);
			runOnlyForDeploymentPostprocessing = 0;
		};
/* End PBXSourcesBuildPhase section */

/* Begin PBXTargetDependency section */
		54C65B842E6E115E00A41F9A /* PBXTargetDependency */ = {
			isa = PBXTargetDependency;
			target = 54C65B702E6E115C00A41F9A /* AlignaWidgetExtension */;
			targetProxy = 54C65B832E6E115E00A41F9A /* PBXContainerItemProxy */;
		};
		54DE58BF2DC29A93008BE4B8 /* PBXTargetDependency */ = {
			isa = PBXTargetDependency;
			target = 54DE58AF2DC29A91008BE4B8 /* AlignaTest */;
			targetProxy = 54DE58BE2DC29A93008BE4B8 /* PBXContainerItemProxy */;
		};
		54DE58C92DC29A93008BE4B8 /* PBXTargetDependency */ = {
			isa = PBXTargetDependency;
			target = 54DE58AF2DC29A91008BE4B8 /* AlignaTest */;
			targetProxy = 54DE58C82DC29A93008BE4B8 /* PBXContainerItemProxy */;
		};
/* End PBXTargetDependency section */

/* Begin XCBuildConfiguration section */
		54C65B872E6E115E00A41F9A /* Debug */ = {
			isa = XCBuildConfiguration;
			buildSettings = {
				ASSETCATALOG_COMPILER_GLOBAL_ACCENT_COLOR_NAME = AccentColor;
				ASSETCATALOG_COMPILER_WIDGET_BACKGROUND_COLOR_NAME = WidgetBackground;
				CODE_SIGN_IDENTITY = "Apple Development";
				CODE_SIGN_STYLE = Automatic;
				CURRENT_PROJECT_VERSION = 1;
				DEVELOPMENT_TEAM = 8TU5H5G565;
				GENERATE_INFOPLIST_FILE = NO;
				INFOPLIST_FILE = AlignaWidget/Info.plist;
				INFOPLIST_KEY_CFBundleDisplayName = AlignaWidget;
				INFOPLIST_KEY_NSHumanReadableCopyright = "";
				LD_RUNPATH_SEARCH_PATHS = (
					"$(inherited)",
					"@executable_path/Frameworks",
					"@executable_path/../../Frameworks",
				);
				MARKETING_VERSION = 1.0;
				PRODUCT_BUNDLE_IDENTIFIER = martinyuan.AlignaTest.AlignaWidgetExtension;
				PRODUCT_NAME = "$(TARGET_NAME)";
				SKIP_INSTALL = YES;
				SWIFT_EMIT_LOC_STRINGS = YES;
				SWIFT_VERSION = 5.0;
				TARGETED_DEVICE_FAMILY = "1,2";
			};
			name = Debug;
		};
		54C65B882E6E115E00A41F9A /* Release */ = {
			isa = XCBuildConfiguration;
			buildSettings = {
				ASSETCATALOG_COMPILER_GLOBAL_ACCENT_COLOR_NAME = AccentColor;
				ASSETCATALOG_COMPILER_WIDGET_BACKGROUND_COLOR_NAME = WidgetBackground;
				CODE_SIGN_ENTITLEMENTS = AlignaWidgetExtensionRelease.entitlements;
				CODE_SIGN_IDENTITY = "Apple Development";
				CODE_SIGN_STYLE = Automatic;
				CURRENT_PROJECT_VERSION = 1;
				DEVELOPMENT_TEAM = 8TU5H5G565;
				GENERATE_INFOPLIST_FILE = NO;
				INFOPLIST_FILE = AlignaWidget/Info.plist;
				INFOPLIST_KEY_CFBundleDisplayName = AlignaWidget;
				INFOPLIST_KEY_NSHumanReadableCopyright = "";
				LD_RUNPATH_SEARCH_PATHS = (
					"$(inherited)",
					"@executable_path/Frameworks",
					"@executable_path/../../Frameworks",
				);
				MARKETING_VERSION = 1.0;
				PRODUCT_BUNDLE_IDENTIFIER = martinyuan.AlignaTest.AlignaWidgetExtension;
				PRODUCT_NAME = "$(TARGET_NAME)";
				SKIP_INSTALL = YES;
				SWIFT_EMIT_LOC_STRINGS = YES;
				SWIFT_VERSION = 5.0;
				TARGETED_DEVICE_FAMILY = "1,2";
			};
			name = Release;
		};
		54DE58CF2DC29A93008BE4B8 /* Debug */ = {
			isa = XCBuildConfiguration;
			buildSettings = {
				ALWAYS_SEARCH_USER_PATHS = NO;
				ASSETCATALOG_COMPILER_GENERATE_SWIFT_ASSET_SYMBOL_EXTENSIONS = YES;
				CLANG_ANALYZER_NONNULL = YES;
				CLANG_ANALYZER_NUMBER_OBJECT_CONVERSION = YES_AGGRESSIVE;
				CLANG_CXX_LANGUAGE_STANDARD = "gnu++20";
				CLANG_ENABLE_MODULES = YES;
				CLANG_ENABLE_OBJC_ARC = YES;
				CLANG_ENABLE_OBJC_WEAK = YES;
				CLANG_WARN_BLOCK_CAPTURE_AUTORELEASING = YES;
				CLANG_WARN_BOOL_CONVERSION = YES;
				CLANG_WARN_COMMA = YES;
				CLANG_WARN_CONSTANT_CONVERSION = YES;
				CLANG_WARN_DEPRECATED_OBJC_IMPLEMENTATIONS = YES;
				CLANG_WARN_DIRECT_OBJC_ISA_USAGE = YES_ERROR;
				CLANG_WARN_DOCUMENTATION_COMMENTS = YES;
				CLANG_WARN_EMPTY_BODY = YES;
				CLANG_WARN_ENUM_CONVERSION = YES;
				CLANG_WARN_INFINITE_RECURSION = YES;
				CLANG_WARN_INT_CONVERSION = YES;
				CLANG_WARN_NON_LITERAL_NULL_CONVERSION = YES;
				CLANG_WARN_OBJC_IMPLICIT_RETAIN_SELF = YES;
				CLANG_WARN_OBJC_LITERAL_CONVERSION = YES;
				CLANG_WARN_OBJC_ROOT_CLASS = YES_ERROR;
				CLANG_WARN_QUOTED_INCLUDE_IN_FRAMEWORK_HEADER = YES;
				CLANG_WARN_RANGE_LOOP_ANALYSIS = YES;
				CLANG_WARN_STRICT_PROTOTYPES = YES;
				CLANG_WARN_SUSPICIOUS_MOVE = YES;
				CLANG_WARN_UNGUARDED_AVAILABILITY = YES_AGGRESSIVE;
				CLANG_WARN_UNREACHABLE_CODE = YES;
				CLANG_WARN__DUPLICATE_METHOD_MATCH = YES;
				COPY_PHASE_STRIP = NO;
				DEBUG_INFORMATION_FORMAT = dwarf;
				ENABLE_STRICT_OBJC_MSGSEND = YES;
				ENABLE_TESTABILITY = YES;
				ENABLE_USER_SCRIPT_SANDBOXING = YES;
				GCC_C_LANGUAGE_STANDARD = gnu17;
				GCC_DYNAMIC_NO_PIC = NO;
				GCC_NO_COMMON_BLOCKS = YES;
				GCC_OPTIMIZATION_LEVEL = 0;
				GCC_PREPROCESSOR_DEFINITIONS = (
					"DEBUG=1",
					"$(inherited)",
				);
				GCC_WARN_64_TO_32_BIT_CONVERSION = YES;
				GCC_WARN_ABOUT_RETURN_TYPE = YES_ERROR;
				GCC_WARN_UNDECLARED_SELECTOR = YES;
				GCC_WARN_UNINITIALIZED_AUTOS = YES_AGGRESSIVE;
				GCC_WARN_UNUSED_FUNCTION = YES;
				GCC_WARN_UNUSED_VARIABLE = YES;
				IPHONEOS_DEPLOYMENT_TARGET = 17.6;
				LOCALIZATION_PREFERS_STRING_CATALOGS = YES;
				MTL_ENABLE_DEBUG_INFO = INCLUDE_SOURCE;
				MTL_FAST_MATH = YES;
				ONLY_ACTIVE_ARCH = YES;
				SDKROOT = iphoneos;
				SWIFT_ACTIVE_COMPILATION_CONDITIONS = "DEBUG $(inherited)";
				SWIFT_OPTIMIZATION_LEVEL = "-Onone";
			};
			name = Debug;
		};
		54DE58D02DC29A93008BE4B8 /* Release */ = {
			isa = XCBuildConfiguration;
			buildSettings = {
				ALWAYS_SEARCH_USER_PATHS = NO;
				ASSETCATALOG_COMPILER_GENERATE_SWIFT_ASSET_SYMBOL_EXTENSIONS = YES;
				CLANG_ANALYZER_NONNULL = YES;
				CLANG_ANALYZER_NUMBER_OBJECT_CONVERSION = YES_AGGRESSIVE;
				CLANG_CXX_LANGUAGE_STANDARD = "gnu++20";
				CLANG_ENABLE_MODULES = YES;
				CLANG_ENABLE_OBJC_ARC = YES;
				CLANG_ENABLE_OBJC_WEAK = YES;
				CLANG_WARN_BLOCK_CAPTURE_AUTORELEASING = YES;
				CLANG_WARN_BOOL_CONVERSION = YES;
				CLANG_WARN_COMMA = YES;
				CLANG_WARN_CONSTANT_CONVERSION = YES;
				CLANG_WARN_DEPRECATED_OBJC_IMPLEMENTATIONS = YES;
				CLANG_WARN_DIRECT_OBJC_ISA_USAGE = YES_ERROR;
				CLANG_WARN_DOCUMENTATION_COMMENTS = YES;
				CLANG_WARN_EMPTY_BODY = YES;
				CLANG_WARN_ENUM_CONVERSION = YES;
				CLANG_WARN_INFINITE_RECURSION = YES;
				CLANG_WARN_INT_CONVERSION = YES;
				CLANG_WARN_NON_LITERAL_NULL_CONVERSION = YES;
				CLANG_WARN_OBJC_IMPLICIT_RETAIN_SELF = YES;
				CLANG_WARN_OBJC_LITERAL_CONVERSION = YES;
				CLANG_WARN_OBJC_ROOT_CLASS = YES_ERROR;
				CLANG_WARN_QUOTED_INCLUDE_IN_FRAMEWORK_HEADER = YES;
				CLANG_WARN_RANGE_LOOP_ANALYSIS = YES;
				CLANG_WARN_STRICT_PROTOTYPES = YES;
				CLANG_WARN_SUSPICIOUS_MOVE = YES;
				CLANG_WARN_UNGUARDED_AVAILABILITY = YES_AGGRESSIVE;
				CLANG_WARN_UNREACHABLE_CODE = YES;
				CLANG_WARN__DUPLICATE_METHOD_MATCH = YES;
				COPY_PHASE_STRIP = NO;
				DEBUG_INFORMATION_FORMAT = "dwarf-with-dsym";
				ENABLE_NS_ASSERTIONS = NO;
				ENABLE_STRICT_OBJC_MSGSEND = YES;
				ENABLE_USER_SCRIPT_SANDBOXING = YES;
				GCC_C_LANGUAGE_STANDARD = gnu17;
				GCC_NO_COMMON_BLOCKS = YES;
				GCC_WARN_64_TO_32_BIT_CONVERSION = YES;
				GCC_WARN_ABOUT_RETURN_TYPE = YES_ERROR;
				GCC_WARN_UNDECLARED_SELECTOR = YES;
				GCC_WARN_UNINITIALIZED_AUTOS = YES_AGGRESSIVE;
				GCC_WARN_UNUSED_FUNCTION = YES;
				GCC_WARN_UNUSED_VARIABLE = YES;
				IPHONEOS_DEPLOYMENT_TARGET = 17.6;
				LOCALIZATION_PREFERS_STRING_CATALOGS = YES;
				MTL_ENABLE_DEBUG_INFO = NO;
				MTL_FAST_MATH = YES;
				SDKROOT = iphoneos;
				SWIFT_COMPILATION_MODE = wholemodule;
				VALIDATE_PRODUCT = YES;
			};
			name = Release;
		};
		54DE58D22DC29A93008BE4B8 /* Debug */ = {
			isa = XCBuildConfiguration;
			buildSettings = {
				ASSETCATALOG_COMPILER_APPICON_NAME = AppIcon;
				ASSETCATALOG_COMPILER_GLOBAL_ACCENT_COLOR_NAME = AccentColor;
				ASSETCATALOG_COMPILER_INCLUDE_ALL_APPICON_ASSETS = YES;
				CODE_SIGN_ENTITLEMENTS = AlignaTest/AlignaTest.entitlements;
				CODE_SIGN_IDENTITY = "Apple Development";
				CODE_SIGN_STYLE = Automatic;
				CURRENT_PROJECT_VERSION = 1;
				DEVELOPMENT_TEAM = 8TU5H5G565;
				ENABLE_PREVIEWS = YES;
				GENERATE_INFOPLIST_FILE = NO;
				INFOPLIST_FILE = AlignaTest/Info.plist;
				INFOPLIST_KEY_UIApplicationSceneManifest_Generation = YES;
				INFOPLIST_KEY_UIApplicationSupportsIndirectInputEvents = YES;
				INFOPLIST_KEY_UILaunchScreen_Generation = YES;
				INFOPLIST_KEY_UISupportedInterfaceOrientations_iPad = "UIInterfaceOrientationPortrait UIInterfaceOrientationPortraitUpsideDown UIInterfaceOrientationLandscapeLeft UIInterfaceOrientationLandscapeRight";
				INFOPLIST_KEY_UISupportedInterfaceOrientations_iPhone = "UIInterfaceOrientationPortrait UIInterfaceOrientationLandscapeLeft UIInterfaceOrientationLandscapeRight";
				IPHONEOS_DEPLOYMENT_TARGET = 18.0;
				LD_RUNPATH_SEARCH_PATHS = (
					"$(inherited)",
					"@executable_path/Frameworks",
				);
				MARKETING_VERSION = 1.0;
				PRODUCT_BUNDLE_IDENTIFIER = martinyuan.AlignaTest;
				PRODUCT_NAME = "$(TARGET_NAME)";
				PROVISIONING_PROFILE_SPECIFIER = "";
				SWIFT_EMIT_LOC_STRINGS = YES;
				SWIFT_VERSION = 5.0;
				TARGETED_DEVICE_FAMILY = "1,2";
			};
			name = Debug;
		};
		54DE58D32DC29A93008BE4B8 /* Release */ = {
			isa = XCBuildConfiguration;
			buildSettings = {
				ASSETCATALOG_COMPILER_APPICON_NAME = AppIcon;
				ASSETCATALOG_COMPILER_GLOBAL_ACCENT_COLOR_NAME = AccentColor;
				ASSETCATALOG_COMPILER_INCLUDE_ALL_APPICON_ASSETS = YES;
				CODE_SIGN_ENTITLEMENTS = AlignaTest/AlignaTestRelease.entitlements;
				CODE_SIGN_IDENTITY = "Apple Development";
				CODE_SIGN_STYLE = Automatic;
				CURRENT_PROJECT_VERSION = 1;
				DEVELOPMENT_TEAM = 8TU5H5G565;
				ENABLE_PREVIEWS = YES;
				GENERATE_INFOPLIST_FILE = NO;
				INFOPLIST_FILE = AlignaTest/Info.plist;
				INFOPLIST_KEY_UIApplicationSceneManifest_Generation = YES;
				INFOPLIST_KEY_UIApplicationSupportsIndirectInputEvents = YES;
				INFOPLIST_KEY_UILaunchScreen_Generation = YES;
				INFOPLIST_KEY_UISupportedInterfaceOrientations_iPad = "UIInterfaceOrientationPortrait UIInterfaceOrientationPortraitUpsideDown UIInterfaceOrientationLandscapeLeft UIInterfaceOrientationLandscapeRight";
				INFOPLIST_KEY_UISupportedInterfaceOrientations_iPhone = "UIInterfaceOrientationPortrait UIInterfaceOrientationLandscapeLeft UIInterfaceOrientationLandscapeRight";
				IPHONEOS_DEPLOYMENT_TARGET = 18.0;
				LD_RUNPATH_SEARCH_PATHS = (
					"$(inherited)",
					"@executable_path/Frameworks",
				);
				MARKETING_VERSION = 1.0;
				PRODUCT_BUNDLE_IDENTIFIER = martinyuan.AlignaTest;
				PRODUCT_NAME = "$(TARGET_NAME)";
				PROVISIONING_PROFILE_SPECIFIER = "";
				SWIFT_EMIT_LOC_STRINGS = YES;
				SWIFT_VERSION = 5.0;
				TARGETED_DEVICE_FAMILY = "1,2";
			};
			name = Release;
		};
		54DE58D52DC29A93008BE4B8 /* Debug */ = {
			isa = XCBuildConfiguration;
			buildSettings = {
				BUNDLE_LOADER = "$(TEST_HOST)";
				CODE_SIGN_STYLE = Automatic;
				CURRENT_PROJECT_VERSION = 1;
				GENERATE_INFOPLIST_FILE = YES;
				IPHONEOS_DEPLOYMENT_TARGET = 18.4;
				MARKETING_VERSION = 1.0;
				PRODUCT_BUNDLE_IDENTIFIER = martinyuan.AlignaTestTests;
				PRODUCT_NAME = "$(TARGET_NAME)";
				SWIFT_EMIT_LOC_STRINGS = NO;
				SWIFT_VERSION = 5.0;
				TARGETED_DEVICE_FAMILY = "1,2";
				TEST_HOST = "$(BUILT_PRODUCTS_DIR)/AlignaTest.app/$(BUNDLE_EXECUTABLE_FOLDER_PATH)/AlignaTest";
			};
			name = Debug;
		};
		54DE58D62DC29A93008BE4B8 /* Release */ = {
			isa = XCBuildConfiguration;
			buildSettings = {
				BUNDLE_LOADER = "$(TEST_HOST)";
				CODE_SIGN_STYLE = Automatic;
				CURRENT_PROJECT_VERSION = 1;
				GENERATE_INFOPLIST_FILE = YES;
				IPHONEOS_DEPLOYMENT_TARGET = 18.4;
				MARKETING_VERSION = 1.0;
				PRODUCT_BUNDLE_IDENTIFIER = martinyuan.AlignaTestTests;
				PRODUCT_NAME = "$(TARGET_NAME)";
				SWIFT_EMIT_LOC_STRINGS = NO;
				SWIFT_VERSION = 5.0;
				TARGETED_DEVICE_FAMILY = "1,2";
				TEST_HOST = "$(BUILT_PRODUCTS_DIR)/AlignaTest.app/$(BUNDLE_EXECUTABLE_FOLDER_PATH)/AlignaTest";
			};
			name = Release;
		};
		54DE58D82DC29A93008BE4B8 /* Debug */ = {
			isa = XCBuildConfiguration;
			buildSettings = {
				CODE_SIGN_STYLE = Automatic;
				CURRENT_PROJECT_VERSION = 1;
				GENERATE_INFOPLIST_FILE = YES;
				MARKETING_VERSION = 1.0;
				PRODUCT_BUNDLE_IDENTIFIER = martinyuan.AlignaTestUITests;
				PRODUCT_NAME = "$(TARGET_NAME)";
				SWIFT_EMIT_LOC_STRINGS = NO;
				SWIFT_VERSION = 5.0;
				TARGETED_DEVICE_FAMILY = "1,2";
				TEST_TARGET_NAME = AlignaTest;
			};
			name = Debug;
		};
		54DE58D92DC29A93008BE4B8 /* Release */ = {
			isa = XCBuildConfiguration;
			buildSettings = {
				CODE_SIGN_STYLE = Automatic;
				CURRENT_PROJECT_VERSION = 1;
				GENERATE_INFOPLIST_FILE = YES;
				MARKETING_VERSION = 1.0;
				PRODUCT_BUNDLE_IDENTIFIER = martinyuan.AlignaTestUITests;
				PRODUCT_NAME = "$(TARGET_NAME)";
				SWIFT_EMIT_LOC_STRINGS = NO;
				SWIFT_VERSION = 5.0;
				TARGETED_DEVICE_FAMILY = "1,2";
				TEST_TARGET_NAME = AlignaTest;
			};
			name = Release;
		};
/* End XCBuildConfiguration section */

/* Begin XCConfigurationList section */
		54C65B862E6E115E00A41F9A /* Build configuration list for PBXNativeTarget "AlignaWidgetExtension" */ = {
			isa = XCConfigurationList;
			buildConfigurations = (
				54C65B872E6E115E00A41F9A /* Debug */,
				54C65B882E6E115E00A41F9A /* Release */,
			);
			defaultConfigurationIsVisible = 0;
			defaultConfigurationName = Release;
		};
		54DE58AB2DC29A91008BE4B8 /* Build configuration list for PBXProject "AlignaTest" */ = {
			isa = XCConfigurationList;
			buildConfigurations = (
				54DE58CF2DC29A93008BE4B8 /* Debug */,
				54DE58D02DC29A93008BE4B8 /* Release */,
			);
			defaultConfigurationIsVisible = 0;
			defaultConfigurationName = Release;
		};
		54DE58D12DC29A93008BE4B8 /* Build configuration list for PBXNativeTarget "AlignaTest" */ = {
			isa = XCConfigurationList;
			buildConfigurations = (
				54DE58D22DC29A93008BE4B8 /* Debug */,
				54DE58D32DC29A93008BE4B8 /* Release */,
			);
			defaultConfigurationIsVisible = 0;
			defaultConfigurationName = Release;
		};
		54DE58D42DC29A93008BE4B8 /* Build configuration list for PBXNativeTarget "AlignaTestTests" */ = {
			isa = XCConfigurationList;
			buildConfigurations = (
				54DE58D52DC29A93008BE4B8 /* Debug */,
				54DE58D62DC29A93008BE4B8 /* Release */,
			);
			defaultConfigurationIsVisible = 0;
			defaultConfigurationName = Release;
		};
		54DE58D72DC29A93008BE4B8 /* Build configuration list for PBXNativeTarget "AlignaTestUITests" */ = {
			isa = XCConfigurationList;
			buildConfigurations = (
				54DE58D82DC29A93008BE4B8 /* Debug */,
				54DE58D92DC29A93008BE4B8 /* Release */,
			);
			defaultConfigurationIsVisible = 0;
			defaultConfigurationName = Release;
		};
/* End XCConfigurationList section */

/* Begin XCRemoteSwiftPackageReference section */
		54C65BC52E6E22D100A41F9A /* XCRemoteSwiftPackageReference "firebase-ios-sdk" */ = {
			isa = XCRemoteSwiftPackageReference;
			repositoryURL = "https://github.com/firebase/firebase-ios-sdk";
			requirement = {
				kind = upToNextMajorVersion;
				minimumVersion = 12.2.0;
			};
		};
		54C65BCC2E6E230500A41F9A /* XCRemoteSwiftPackageReference "GoogleSignIn-iOS" */ = {
			isa = XCRemoteSwiftPackageReference;
			repositoryURL = "https://github.com/google/GoogleSignIn-iOS.git";
			requirement = {
				kind = upToNextMajorVersion;
				minimumVersion = 9.0.0;
			};
		};
/* End XCRemoteSwiftPackageReference section */

/* Begin XCSwiftPackageProductDependency section */
		54C65BC62E6E22D100A41F9A /* FirebaseAnalytics */ = {
			isa = XCSwiftPackageProductDependency;
			package = 54C65BC52E6E22D100A41F9A /* XCRemoteSwiftPackageReference "firebase-ios-sdk" */;
			productName = FirebaseAnalytics;
		};
		54C65BC82E6E22D100A41F9A /* FirebaseAuth */ = {
			isa = XCSwiftPackageProductDependency;
			package = 54C65BC52E6E22D100A41F9A /* XCRemoteSwiftPackageReference "firebase-ios-sdk" */;
			productName = FirebaseAuth;
		};
		54C65BCA2E6E22D100A41F9A /* FirebaseFirestore */ = {
			isa = XCSwiftPackageProductDependency;
			package = 54C65BC52E6E22D100A41F9A /* XCRemoteSwiftPackageReference "firebase-ios-sdk" */;
			productName = FirebaseFirestore;
		};
		54C65BCD2E6E230500A41F9A /* GoogleSignIn */ = {
			isa = XCSwiftPackageProductDependency;
			package = 54C65BCC2E6E230500A41F9A /* XCRemoteSwiftPackageReference "GoogleSignIn-iOS" */;
			productName = GoogleSignIn;
		};
		54C65BCF2E6E230500A41F9A /* GoogleSignInSwift */ = {
			isa = XCSwiftPackageProductDependency;
			package = 54C65BCC2E6E230500A41F9A /* XCRemoteSwiftPackageReference "GoogleSignIn-iOS" */;
			productName = GoogleSignInSwift;
		};
/* End XCSwiftPackageProductDependency section */
	};
	rootObject = 54DE58A82DC29A91008BE4B8 /* Project object */;
}
